{"format_version":"1.2","terraform_version":"1.8.3","variables":{"EMAIL_ID":{"value":"faraifarouk@gmail.com"},"LabRoleARN":{"value":"arn:aws:iam::891377082491:role/LabRole"},"availability_zones":{"value":["us-west-2a","us-west-2b"]},"cidr_blocks":{"value":["0.0.0.0/0"]},"ec2_instance_type":{"value":"t2.micro"},"key_name":{"value":"vockey"},"private_subnet_cidr_blocks":{"value":["10.0.0.128/26","10.0.0.192/26"]},"public_subnet_cidr_blocks":{"value":["10.0.0.0/26","10.0.0.64/26"]},"rds_db_name":{"value":"wordpressDb"},"rds_password":{"value":"rootpassword#123"},"rds_username":{"value":"faraifara"},"s3_bucket_name":{"value":"s3-bucket-16-7-24"},"tagNameDate":{"value":"16-7-24"}},"planned_values":{"outputs":{"rds_db_name":{"sensitive":false},"rds_endpoint":{"sensitive":false},"rds_passwordword":{"sensitive":true,"type":"string","value":"rootpassword#123"},"rds_username":{"sensitive":false,"type":"string","value":"faraifara"}},"root_module":{"resources":[{"address":"aws_autoscaling_attachment.name","mode":"managed","type":"aws_autoscaling_attachment","name":"name","provider_name":"registry.terraform.io/hashicorp/aws","schema_version":0,"values":{"elb":null},"sensitive_values":{}},{"address":"aws_autoscaling_group.wordpress_autoscaling_group","mode":"managed","type":"aws_autoscaling_group","name":"wordpress_autoscaling_group","provider_name":"registry.terraform.io/hashicorp/aws","schema_version":1,"values":{"capacity_rebalance":null,"context":null,"default_instance_warmup":null,"desired_capacity":2,"desired_capacity_type":null,"enabled_metrics":null,"force_delete":false,"force_delete_warm_pool":false,"health_check_grace_period":300,"health_check_type":"ELB","ignore_failed_scaling_activities":false,"initial_lifecycle_hook":[],"instance_maintenance_policy":[],"instance_refresh":[],"launch_configuration":null,"launch_template":[{"version":"$Latest"}],"max_instance_lifetime":null,"max_size":4,"metrics_granularity":"1Minute","min_elb_capacity":null,"min_size":1,"name":"wordpress-asg","placement_group":null,"protect_from_scale_in":false,"suspended_processes":null,"tag":[{"key":"Name","propagate_at_launch":true,"value":"Wordpress_Instance_AS16-7-24-"}],"termination_policies":null,"timeouts":null,"wait_for_capacity_timeout":"10m","wait_for_elb_capacity":null,"warm_pool":[]},"sensitive_values":{"availability_zones":[],"initial_lifecycle_hook":[],"instance_maintenance_policy":[],"instance_refresh":[],"launch_template":[{}],"load_balancers":[],"mixed_instances_policy":[],"tag":[{}],"target_group_arns":[],"traffic_source":[],"vpc_zone_identifier":[],"warm_pool":[]}},{"address":"aws_autoscaling_policy.scale_out","mode":"managed","type":"aws_autoscaling_policy","name":"scale_out","provider_name":"registry.terraform.io/hashicorp/aws","schema_version":0,"values":{"adjustment_type":"ChangeInCapacity","autoscaling_group_name":"wordpress-asg","cooldown":null,"enabled":true,"estimated_instance_warmup":null,"min_adjustment_magnitude":null,"name":"scale_out","policy_type":"TargetTrackingScaling","predictive_scaling_configuration":[],"scaling_adjustment":null,"step_adjustment":[],"target_tracking_configuration":[{"customized_metric_specification":[],"disable_scale_in":false,"predefined_metric_specification":[{"predefined_metric_type":"ASGAverageCPUUtilization","resource_label":null}],"target_value":80}]},"sensitive_values":{"predictive_scaling_configuration":[],"step_adjustment":[],"target_tracking_configuration":[{"customized_metric_specification":[],"predefined_metric_specification":[{}]}]}},{"address":"aws_cloudtrail.trail","mode":"managed","type":"aws_cloudtrail","name":"trail","provider_name":"registry.terraform.io/hashicorp/aws","schema_version":1,"values":{"advanced_event_selector":[],"cloud_watch_logs_group_arn":null,"cloud_watch_logs_role_arn":null,"enable_log_file_validation":true,"enable_logging":true,"event_selector":[],"include_global_service_events":true,"insight_selector":[],"is_multi_region_trail":false,"is_organization_trail":false,"kms_key_id":null,"name":"cloudtrail","s3_bucket_name":"s3-bucket-2024-04-12-2973","s3_key_prefix":null,"sns_topic_name":null,"tags":null},"sensitive_values":{"advanced_event_selector":[],"event_selector":[],"insight_selector":[],"tags_all":{}}},{"address":"aws_cloudwatch_metric_alarm.cpu_utilization_alarm","mode":"managed","type":"aws_cloudwatch_metric_alarm","name":"cpu_utilization_alarm","provider_name":"registry.terraform.io/hashicorp/aws","schema_version":1,"values":{"actions_enabled":true,"alarm_description":"Alarm when CPU utilization is less than or equal to 80%","alarm_name":"stress_on_ec2","comparison_operator":"GreaterThanOrEqualToThreshold","datapoints_to_alarm":null,"evaluation_periods":1,"extended_statistic":null,"insufficient_data_actions":null,"metric_name":"CPUUtilization","metric_query":[],"namespace":"AWS/EC2","ok_actions":null,"period":300,"statistic":"Average","tags":null,"threshold":80,"threshold_metric_id":null,"treat_missing_data":"missing","unit":null},"sensitive_values":{"alarm_actions":[],"dimensions":{},"metric_query":[],"tags_all":{}}},{"address":"aws_db_instance.mysql","mode":"managed","type":"aws_db_instance","name":"mysql","provider_name":"registry.terraform.io/hashicorp/aws","schema_version":2,"values":{"allocated_storage":10,"allow_major_version_upgrade":null,"apply_immediately":false,"auto_minor_version_upgrade":true,"blue_green_update":[],"copy_tags_to_snapshot":false,"custom_iam_instance_profile":null,"customer_owned_ip_enabled":null,"db_name":"wordpressDb","db_subnet_group_name":"private_group","dedicated_log_volume":false,"delete_automated_backups":true,"deletion_protection":null,"domain":null,"domain_auth_secret_arn":null,"domain_dns_ips":null,"domain_iam_role_name":null,"domain_ou":null,"enabled_cloudwatch_logs_exports":null,"engine":"mysql","engine_version":"8.0.35","final_snapshot_identifier":null,"iam_database_authentication_enabled":null,"identifier":"rds-db","instance_class":"db.t3.micro","manage_master_user_password":null,"max_allocated_storage":null,"monitoring_interval":0,"multi_az":false,"password":"rootpassword#123","performance_insights_enabled":false,"publicly_accessible":false,"replicate_source_db":null,"restore_to_point_in_time":[],"s3_import":[],"skip_final_snapshot":true,"storage_encrypted":false,"tags":{"Name":"rds_db 16-7-24"},"tags_all":{"Name":"rds_db 16-7-24"},"timeouts":null,"username":"faraifara"},"sensitive_values":{"blue_green_update":[],"listener_endpoint":[],"master_user_secret":[],"password":true,"replicas":[],"restore_to_point_in_time":[],"s3_import":[],"tags":{},"tags_all":{},"vpc_security_group_ids":[]}},{"address":"aws_db_subnet_group.private","mode":"managed","type":"aws_db_subnet_group","name":"private","provider_name":"registry.terraform.io/hashicorp/aws","schema_version":0,"values":{"description":"Managed by Terraform","name":"private_group","tags":{"Name":"Private_Group 16-7-24"},"tags_all":{"Name":"Private_Group 16-7-24"}},"sensitive_values":{"subnet_ids":[],"supported_network_types":[],"tags":{},"tags_all":{}}},{"address":"aws_instance.wordpress_instance","mode":"managed","type":"aws_instance","name":"wordpress_instance","provider_name":"registry.terraform.io/hashicorp/aws","schema_version":1,"values":{"ami":"ami-03789dbbf779d9790","associate_public_ip_address":true,"availability_zone":"us-west-2a","credit_specification":[],"get_password_data":false,"hibernation":null,"instance_type":"t2.micro","key_name":"vockey","launch_template":[],"source_dest_check":true,"tags":{"Name":"WordPress Instance 16-7-24"},"tags_all":{"Name":"WordPress Instance 16-7-24"},"timeouts":null,"user_data_replace_on_change":false,"volume_tags":null},"sensitive_values":{"capacity_reservation_specification":[],"cpu_options":[],"credit_specification":[],"ebs_block_device":[],"enclave_options":[],"ephemeral_block_device":[],"instance_market_options":[],"ipv6_addresses":[],"launch_template":[],"maintenance_options":[],"metadata_options":[],"network_interface":[],"private_dns_name_options":[],"root_block_device":[],"secondary_private_ips":[],"security_groups":[],"tags":{},"tags_all":{},"vpc_security_group_ids":[]}},{"address":"aws_internet_gateway.igw","mode":"managed","type":"aws_internet_gateway","name":"igw","provider_name":"registry.terraform.io/hashicorp/aws","schema_version":0,"values":{"tags":{"Name":"igw 16-7-24"},"tags_all":{"Name":"igw 16-7-24"},"timeouts":null},"sensitive_values":{"tags":{},"tags_all":{}}},{"address":"aws_launch_configuration.scaling_launch_config","mode":"managed","type":"aws_launch_configuration","name":"scaling_launch_config","provider_name":"registry.terraform.io/hashicorp/aws","schema_version":0,"values":{"enable_monitoring":true,"ephemeral_block_device":[],"iam_instance_profile":null,"image_id":"ami-03789dbbf779d9790","instance_type":"t2.micro","key_name":"vockey","placement_tenancy":null,"spot_price":null,"user_data":null,"user_data_base64":null},"sensitive_values":{"ebs_block_device":[],"ephemeral_block_device":[],"metadata_options":[],"root_block_device":[],"security_groups":[]}},{"address":"aws_launch_template.scaling_launch_template","mode":"managed","type":"aws_launch_template","name":"scaling_launch_template","provider_name":"registry.terraform.io/hashicorp/aws","schema_version":0,"values":{"block_device_mappings":[],"capacity_reservation_specification":[],"cpu_options":[],"credit_specification":[],"description":null,"disable_api_stop":null,"disable_api_termination":null,"ebs_optimized":null,"elastic_gpu_specifications":[],"elastic_inference_accelerator":[],"enclave_options":[],"hibernation_options":[],"iam_instance_profile":[],"image_id":"ami-03789dbbf779d9790","instance_initiated_shutdown_behavior":null,"instance_market_options":[],"instance_requirements":[],"instance_type":"t2.micro","kernel_id":null,"key_name":"vockey","license_specification":[],"maintenance_options":[],"monitoring":[],"name_prefix":"scaling_launch_template","network_interfaces":[],"placement":[],"private_dns_name_options":[],"ram_disk_id":null,"security_group_names":null,"tag_specifications":[{"resource_type":"instance","tags":{"Name":"WordPress Instance AS"}}],"tags":null,"update_default_version":null},"sensitive_values":{"block_device_mappings":[],"capacity_reservation_specification":[],"cpu_options":[],"credit_specification":[],"elastic_gpu_specifications":[],"elastic_inference_accelerator":[],"enclave_options":[],"hibernation_options":[],"iam_instance_profile":[],"instance_market_options":[],"instance_requirements":[],"license_specification":[],"maintenance_options":[],"metadata_options":[],"monitoring":[],"network_interfaces":[],"placement":[],"private_dns_name_options":[],"tag_specifications":[{"tags":{}}],"tags_all":{},"vpc_security_group_ids":[]}},{"address":"aws_lb.wordpress_alb","mode":"managed","type":"aws_lb","name":"wordpress_alb","provider_name":"registry.terraform.io/hashicorp/aws","schema_version":0,"values":{"access_logs":[],"client_keep_alive":3600,"connection_logs":[],"customer_owned_ipv4_pool":null,"desync_mitigation_mode":"defensive","dns_record_client_routing_policy":null,"drop_invalid_header_fields":false,"enable_cross_zone_load_balancing":null,"enable_deletion_protection":false,"enable_http2":true,"enable_tls_version_and_cipher_suite_headers":false,"enable_waf_fail_open":false,"enable_xff_client_port":false,"idle_timeout":60,"internal":false,"load_balancer_type":"application","name":"wordpress-alb","preserve_host_header":false,"tags":{"Name":"wordpress_alb 16-7-24"},"tags_all":{"Name":"wordpress_alb 16-7-24"},"timeouts":null,"xff_header_processing_mode":"append"},"sensitive_values":{"access_logs":[],"connection_logs":[],"security_groups":[],"subnet_mapping":[],"subnets":[],"tags":{},"tags_all":{}}},{"address":"aws_lb_listener.wordpress_listener","mode":"managed","type":"aws_lb_listener","name":"wordpress_listener","provider_name":"registry.terraform.io/hashicorp/aws","schema_version":0,"values":{"alpn_policy":null,"certificate_arn":null,"default_action":[{"authenticate_cognito":[],"authenticate_oidc":[],"fixed_response":[],"forward":[],"redirect":[],"type":"forward"}],"port":80,"protocol":"HTTP","tags":null,"timeouts":null},"sensitive_values":{"default_action":[{"authenticate_cognito":[],"authenticate_oidc":[],"fixed_response":[],"forward":[],"redirect":[]}],"mutual_authentication":[],"tags_all":{}}},{"address":"aws_lb_target_group.Wordpress_target_group","mode":"managed","type":"aws_lb_target_group","name":"Wordpress_target_group","provider_name":"registry.terraform.io/hashicorp/aws","schema_version":0,"values":{"deregistration_delay":"300","lambda_multi_value_headers_enabled":false,"name":"wordpress-target-group","port":80,"protocol":"HTTP","proxy_protocol_v2":false,"slow_start":0,"tags":{"Name":"wordpress-target-group 16-7-24"},"tags_all":{"Name":"wordpress-target-group 16-7-24"},"target_type":"instance"},"sensitive_values":{"health_check":[],"load_balancer_arns":[],"stickiness":[],"tags":{},"tags_all":{},"target_failover":[],"target_health_state":[]}},{"address":"aws_lb_target_group_attachment.wordpress_target_group_attachment","mode":"managed","type":"aws_lb_target_group_attachment","name":"wordpress_target_group_attachment","provider_name":"registry.terraform.io/hashicorp/aws","schema_version":0,"values":{"availability_zone":null,"port":80},"sensitive_values":{}},{"address":"aws_route_table.private[0]","mode":"managed","type":"aws_route_table","name":"private","index":0,"provider_name":"registry.terraform.io/hashicorp/aws","schema_version":0,"values":{"tags":{"Name":"Private_Route_Table 16-7-24_1"},"tags_all":{"Name":"Private_Route_Table 16-7-24_1"},"timeouts":null},"sensitive_values":{"propagating_vgws":[],"route":[],"tags":{},"tags_all":{}}},{"address":"aws_route_table.private[1]","mode":"managed","type":"aws_route_table","name":"private","index":1,"provider_name":"registry.terraform.io/hashicorp/aws","schema_version":0,"values":{"tags":{"Name":"Private_Route_Table 16-7-24_2"},"tags_all":{"Name":"Private_Route_Table 16-7-24_2"},"timeouts":null},"sensitive_values":{"propagating_vgws":[],"route":[],"tags":{},"tags_all":{}}},{"address":"aws_route_table.public","mode":"managed","type":"aws_route_table","name":"public","provider_name":"registry.terraform.io/hashicorp/aws","schema_version":0,"values":{"route":[{"carrier_gateway_id":"","cidr_block":"0.0.0.0/0","core_network_arn":"","destination_prefix_list_id":"","egress_only_gateway_id":"","ipv6_cidr_block":"","local_gateway_id":"","nat_gateway_id":"","network_interface_id":"","transit_gateway_id":"","vpc_endpoint_id":"","vpc_peering_connection_id":""}],"tags":{"Name":"Public_Route_Table 16-7-24"},"tags_all":{"Name":"Public_Route_Table 16-7-24"},"timeouts":null},"sensitive_values":{"propagating_vgws":[],"route":[{}],"tags":{},"tags_all":{}}},{"address":"aws_route_table_association.private_assoc[0]","mode":"managed","type":"aws_route_table_association","name":"private_assoc","index":0,"provider_name":"registry.terraform.io/hashicorp/aws","schema_version":0,"values":{"gateway_id":null,"timeouts":null},"sensitive_values":{}},{"address":"aws_route_table_association.private_assoc[1]","mode":"managed","type":"aws_route_table_association","name":"private_assoc","index":1,"provider_name":"registry.terraform.io/hashicorp/aws","schema_version":0,"values":{"gateway_id":null,"timeouts":null},"sensitive_values":{}},{"address":"aws_route_table_association.public_assoc[0]","mode":"managed","type":"aws_route_table_association","name":"public_assoc","index":0,"provider_name":"registry.terraform.io/hashicorp/aws","schema_version":0,"values":{"gateway_id":null,"timeouts":null},"sensitive_values":{}},{"address":"aws_route_table_association.public_assoc[1]","mode":"managed","type":"aws_route_table_association","name":"public_assoc","index":1,"provider_name":"registry.terraform.io/hashicorp/aws","schema_version":0,"values":{"gateway_id":null,"timeouts":null},"sensitive_values":{}},{"address":"aws_s3_bucket.wordpress","mode":"managed","type":"aws_s3_bucket","name":"wordpress","provider_name":"registry.terraform.io/hashicorp/aws","schema_version":0,"values":{"bucket":"s3-bucket-16-7-24-16-7-24-2973","force_destroy":false,"tags":{"Name":"s3-bucket-16-7-24_16-7-24"},"tags_all":{"Name":"s3-bucket-16-7-24_16-7-24"},"timeouts":null},"sensitive_values":{"cors_rule":[],"grant":[],"lifecycle_rule":[],"logging":[],"object_lock_configuration":[],"replication_configuration":[],"server_side_encryption_configuration":[],"tags":{},"tags_all":{},"versioning":[],"website":[]}},{"address":"aws_s3_bucket_policy.cloudtrail_bucket_policy","mode":"managed","type":"aws_s3_bucket_policy","name":"cloudtrail_bucket_policy","provider_name":"registry.terraform.io/hashicorp/aws","schema_version":0,"values":{"bucket":"s3-bucket-2024-04-12-2973"},"sensitive_values":{}},{"address":"aws_s3_bucket_versioning.versioningS3","mode":"managed","type":"aws_s3_bucket_versioning","name":"versioningS3","provider_name":"registry.terraform.io/hashicorp/aws","schema_version":0,"values":{"expected_bucket_owner":null,"mfa":null,"versioning_configuration":[{"status":"Enabled"}]},"sensitive_values":{"versioning_configuration":[{}]}},{"address":"aws_security_group.rds_mysql","mode":"managed","type":"aws_security_group","name":"rds_mysql","provider_name":"registry.terraform.io/hashicorp/aws","schema_version":1,"values":{"description":"Security group for RDS database","egress":[{"cidr_blocks":["0.0.0.0/0"],"description":"","from_port":0,"ipv6_cidr_blocks":[],"prefix_list_ids":[],"protocol":"-1","security_groups":[],"self":false,"to_port":0}],"ingress":[{"cidr_blocks":["0.0.0.0/0"],"description":"","from_port":3306,"ipv6_cidr_blocks":[],"prefix_list_ids":[],"protocol":"tcp","security_groups":[],"self":false,"to_port":3306}],"name":"rds_mysql_sg","revoke_rules_on_delete":false,"tags":{"Name":"rds_mysql 16-7-24"},"tags_all":{"Name":"rds_mysql 16-7-24"},"timeouts":null},"sensitive_values":{"egress":[{"cidr_blocks":[false],"ipv6_cidr_blocks":[],"prefix_list_ids":[],"security_groups":[]}],"ingress":[{"cidr_blocks":[false],"ipv6_cidr_blocks":[],"prefix_list_ids":[],"security_groups":[]}],"tags":{},"tags_all":{}}},{"address":"aws_security_group.wordpress_sg","mode":"managed","type":"aws_security_group","name":"wordpress_sg","provider_name":"registry.terraform.io/hashicorp/aws","schema_version":1,"values":{"description":"Security group for WordPress instance","egress":[{"cidr_blocks":["0.0.0.0/0"],"description":"All traffic","from_port":0,"ipv6_cidr_blocks":[],"prefix_list_ids":[],"protocol":"-1","security_groups":[],"self":false,"to_port":0}],"ingress":[{"cidr_blocks":["0.0.0.0/0"],"description":"HTTP","from_port":80,"ipv6_cidr_blocks":[],"prefix_list_ids":[],"protocol":"tcp","security_groups":[],"self":false,"to_port":80},{"cidr_blocks":["0.0.0.0/0"],"description":"SSH","from_port":22,"ipv6_cidr_blocks":[],"prefix_list_ids":[],"protocol":"tcp","security_groups":[],"self":false,"to_port":22}],"name":"wordpress_sg","revoke_rules_on_delete":false,"tags":{"Name":"wordpress_sg 16-7-24"},"tags_all":{"Name":"wordpress_sg 16-7-24"},"timeouts":null},"sensitive_values":{"egress":[{"cidr_blocks":[false],"ipv6_cidr_blocks":[],"prefix_list_ids":[],"security_groups":[]}],"ingress":[{"cidr_blocks":[false],"ipv6_cidr_blocks":[],"prefix_list_ids":[],"security_groups":[]},{"cidr_blocks":[false],"ipv6_cidr_blocks":[],"prefix_list_ids":[],"security_groups":[]}],"tags":{},"tags_all":{}}},{"address":"aws_sns_topic.sns_topic","mode":"managed","type":"aws_sns_topic","name":"sns_topic","provider_name":"registry.terraform.io/hashicorp/aws","schema_version":0,"values":{"application_failure_feedback_role_arn":null,"application_success_feedback_role_arn":null,"application_success_feedback_sample_rate":null,"archive_policy":null,"content_based_deduplication":false,"delivery_policy":null,"display_name":null,"fifo_topic":false,"firehose_failure_feedback_role_arn":null,"firehose_success_feedback_role_arn":null,"firehose_success_feedback_sample_rate":null,"http_failure_feedback_role_arn":null,"http_success_feedback_role_arn":null,"http_success_feedback_sample_rate":null,"kms_master_key_id":null,"lambda_failure_feedback_role_arn":null,"lambda_success_feedback_role_arn":null,"lambda_success_feedback_sample_rate":null,"name":"sns_topic","sqs_failure_feedback_role_arn":null,"sqs_success_feedback_role_arn":null,"sqs_success_feedback_sample_rate":null,"tags":null},"sensitive_values":{"tags_all":{}}},{"address":"aws_sns_topic_subscription.email_subscription","mode":"managed","type":"aws_sns_topic_subscription","name":"email_subscription","provider_name":"registry.terraform.io/hashicorp/aws","schema_version":0,"values":{"confirmation_timeout_in_minutes":1,"delivery_policy":null,"endpoint":"faraifarouk@gmail.com","endpoint_auto_confirms":true,"filter_policy":null,"protocol":"email","raw_message_delivery":false,"redrive_policy":null,"replay_policy":null,"subscription_role_arn":null},"sensitive_values":{}},{"address":"aws_subnet.private[0]","mode":"managed","type":"aws_subnet","name":"private","index":0,"provider_name":"registry.terraform.io/hashicorp/aws","schema_version":1,"values":{"assign_ipv6_address_on_creation":false,"availability_zone":"us-west-2a","cidr_block":"10.0.0.128/26","customer_owned_ipv4_pool":null,"enable_dns64":false,"enable_lni_at_device_index":null,"enable_resource_name_dns_a_record_on_launch":false,"enable_resource_name_dns_aaaa_record_on_launch":false,"ipv6_cidr_block":null,"ipv6_native":false,"map_customer_owned_ip_on_launch":null,"map_public_ip_on_launch":false,"outpost_arn":null,"tags":{"Name":"Private_Subnet 16-7-24_1"},"tags_all":{"Name":"Private_Subnet 16-7-24_1"},"timeouts":null},"sensitive_values":{"tags":{},"tags_all":{}}},{"address":"aws_subnet.private[1]","mode":"managed","type":"aws_subnet","name":"private","index":1,"provider_name":"registry.terraform.io/hashicorp/aws","schema_version":1,"values":{"assign_ipv6_address_on_creation":false,"availability_zone":"us-west-2b","cidr_block":"10.0.0.192/26","customer_owned_ipv4_pool":null,"enable_dns64":false,"enable_lni_at_device_index":null,"enable_resource_name_dns_a_record_on_launch":false,"enable_resource_name_dns_aaaa_record_on_launch":false,"ipv6_cidr_block":null,"ipv6_native":false,"map_customer_owned_ip_on_launch":null,"map_public_ip_on_launch":false,"outpost_arn":null,"tags":{"Name":"Private_Subnet 16-7-24_2"},"tags_all":{"Name":"Private_Subnet 16-7-24_2"},"timeouts":null},"sensitive_values":{"tags":{},"tags_all":{}}},{"address":"aws_subnet.public[0]","mode":"managed","type":"aws_subnet","name":"public","index":0,"provider_name":"registry.terraform.io/hashicorp/aws","schema_version":1,"values":{"assign_ipv6_address_on_creation":false,"availability_zone":"us-west-2a","cidr_block":"10.0.0.0/26","customer_owned_ipv4_pool":null,"enable_dns64":false,"enable_lni_at_device_index":null,"enable_resource_name_dns_a_record_on_launch":false,"enable_resource_name_dns_aaaa_record_on_launch":false,"ipv6_cidr_block":null,"ipv6_native":false,"map_customer_owned_ip_on_launch":null,"map_public_ip_on_launch":true,"outpost_arn":null,"tags":{"Name":"Public_Subnet 16-7-24_1"},"tags_all":{"Name":"Public_Subnet 16-7-24_1"},"timeouts":null},"sensitive_values":{"tags":{},"tags_all":{}}},{"address":"aws_subnet.public[1]","mode":"managed","type":"aws_subnet","name":"public","index":1,"provider_name":"registry.terraform.io/hashicorp/aws","schema_version":1,"values":{"assign_ipv6_address_on_creation":false,"availability_zone":"us-west-2b","cidr_block":"10.0.0.64/26","customer_owned_ipv4_pool":null,"enable_dns64":false,"enable_lni_at_device_index":null,"enable_resource_name_dns_a_record_on_launch":false,"enable_resource_name_dns_aaaa_record_on_launch":false,"ipv6_cidr_block":null,"ipv6_native":false,"map_customer_owned_ip_on_launch":null,"map_public_ip_on_launch":true,"outpost_arn":null,"tags":{"Name":"Public_Subnet 16-7-24_2"},"tags_all":{"Name":"Public_Subnet 16-7-24_2"},"timeouts":null},"sensitive_values":{"tags":{},"tags_all":{}}},{"address":"aws_vpc.vpc","mode":"managed","type":"aws_vpc","name":"vpc","provider_name":"registry.terraform.io/hashicorp/aws","schema_version":1,"values":{"assign_generated_ipv6_cidr_block":null,"cidr_block":"10.0.0.0/24","enable_dns_hostnames":true,"enable_dns_support":true,"instance_tenancy":"default","ipv4_ipam_pool_id":null,"ipv4_netmask_length":null,"ipv6_ipam_pool_id":null,"ipv6_netmask_length":null,"tags":{"Name":"vpc 16-7-24"},"tags_all":{"Name":"vpc 16-7-24"}},"sensitive_values":{"tags":{},"tags_all":{}}},{"address":"data.aws_db_instance.mysql_data","mode":"data","type":"aws_db_instance","name":"mysql_data","provider_name":"registry.terraform.io/hashicorp/aws","schema_version":0,"values":{"db_instance_identifier":"rds-db"},"sensitive_values":{"db_parameter_groups":[],"enabled_cloudwatch_logs_exports":[],"master_user_secret":[],"option_group_memberships":[],"tags":{},"vpc_security_groups":[]}},{"address":"data.template_file.userdataEC","mode":"data","type":"template_file","name":"userdataEC","provider_name":"registry.terraform.io/hashicorp/template","schema_version":0,"values":{"filename":null,"template":"#! /bin/bash\n# # Install updates\nsudo yum update -y\n\n# Configure AWS CLI with IAM role credentials\naws configure set default.region us-west-2\n\nsudo yum install -y stress-ng\n\n#Install httpd\nsudo yum install -y httpd\nsudo systemctl start httpd\nsudo systemctl enable httpd\n\n#Install mysql\nsudo yum install -y mysql\n\n#Install PHP\nsudo yum install -y php \nsudo amazon-linux-extras install \n\n\n# Update all installed \nsudo yum update -y\n\n#Restart Apache\nsudo systemctl restart httpd\n\n#Install Wordpress\nDBRootPassword='rootpassword'\nmysqladmin -u root password $DBRootPassword\n\n# Retrieve RDS endpoint from Terraform output\nDBName=${rds_db_name}\nDBUser=${rds_username}\nDBPassword=${rds_password}\nRDS_ENDPOINT=${rds_endpoint}\n\n# Create a temporary file to store the database value\nsudo touch db.txt\nsudo chmod 777 db.txt\nsudo echo \"DATABASE $DBName;\" \u003e\u003e db.txt\nsudo echo \"USER $DBUser;\" \u003e\u003e db.txt\nsudo echo \"PASSWORD $DBPassword;\" \u003e\u003e db.txt\nsudo echo \"HOST $RDS_ENDPOINT;\" \u003e\u003e db.txt\n\n\nsudo yum install -y wget\nsudo wget http://wordpress.org/latest.tar.gz -P /var/www/html/\n\ncd /var/www/html\nsudo tar -zxvf latest.tar.gz\nsudo cp -rvf wordpress/* .\n\nsudo rm -R wordpress\nsudo rm latest.tar.gz\n\necho \"Terraform output:\"\n\n# Copy wp-config.php file to wordpress directory\nsudo cp ./wp-config-sample.php ./wp-config.php\nsudo sed -i \"s/'database_name_here'/'$DBName'/g\" wp-config.php\nsudo sed -i \"s/'username_here'/'$DBUser'/g\" wp-config.php\nsudo sed -i \"s/'password_here'/'$DBPassword'/g\" wp-config.php\nsudo sed -i \"s/'localhost'/'$RDS_ENDPOINT'/g\" wp-config.php\n\nsudo mysql -h \"$RDS_ENDPOINT\" -u \"$DBUser\" -p\"$DBPassword\" \"$DBName\" -e \"SHOW DATABASES;\"\n\n#Install PHP Extensions\nsudo amazon-linux-extras enable php7.4\nsudo yum clean metadata\nsudo yum install -y php-cli php-pdo php-fpm php-json php-mysqlnd\nsudo echo \"\u003c?php define('FS_METHOD', 'direct'); ?\u003e\" \u003e\u003e /var/www/html/wp-config.php\n\n\n# Restart Apache\nsudo systemctl restart httpd","vars":{"rds_password":"rootpassword#123","rds_username":"faraifara"}},"sensitive_values":{"vars":{"rds_password":true}}}]}},"resource_drift":[{"address":"aws_autoscaling_attachment.name","mode":"managed","type":"aws_autoscaling_attachment","name":"name","provider_name":"registry.terraform.io/hashicorp/aws","change":{"actions":["delete"],"before":{"autoscaling_group_name":"wordpress-asg","elb":null,"id":"wordpress-asg-20240716101451969600000009","lb_target_group_arn":"arn:aws:elasticloadbalancing:us-west-2:992382653845:targetgroup/wordpress-target-group/ca79c29745046510"},"after":null,"after_unknown":{},"before_sensitive":{},"after_sensitive":false}},{"address":"aws_autoscaling_group.wordpress_autoscaling_group","mode":"managed","type":"aws_autoscaling_group","name":"wordpress_autoscaling_group","provider_name":"registry.terraform.io/hashicorp/aws","change":{"actions":["delete"],"before":{"arn":"arn:aws:autoscaling:us-west-2:992382653845:autoScalingGroup:5539d502-0a17-4f80-a025-f0cbbffc4af7:autoScalingGroupName/wordpress-asg","availability_zones":["us-west-2a","us-west-2b"],"capacity_rebalance":false,"context":"","default_cooldown":300,"default_instance_warmup":0,"desired_capacity":2,"desired_capacity_type":"","enabled_metrics":[],"force_delete":false,"force_delete_warm_pool":false,"health_check_grace_period":300,"health_check_type":"ELB","id":"wordpress-asg","ignore_failed_scaling_activities":false,"initial_lifecycle_hook":[],"instance_maintenance_policy":[],"instance_refresh":[],"launch_configuration":"","launch_template":[{"id":"lt-04b40fa4f224eccb0","name":"scaling_launch_template20240716101354308000000006","version":"$Latest"}],"load_balancers":[],"max_instance_lifetime":0,"max_size":4,"metrics_granularity":"1Minute","min_elb_capacity":null,"min_size":1,"mixed_instances_policy":[],"name":"wordpress-asg","name_prefix":"","placement_group":"","predicted_capacity":0,"protect_from_scale_in":false,"service_linked_role_arn":"arn:aws:iam::992382653845:role/aws-service-role/autoscaling.amazonaws.com/AWSServiceRoleForAutoScaling","suspended_processes":[],"tag":[{"key":"Name","propagate_at_launch":true,"value":"Wordpress_Instance_AS16-7-24-"}],"target_group_arns":["arn:aws:elasticloadbalancing:us-west-2:992382653845:targetgroup/wordpress-target-group/ca79c29745046510"],"termination_policies":[],"timeouts":null,"traffic_source":[{"identifier":"arn:aws:elasticloadbalancing:us-west-2:992382653845:targetgroup/wordpress-target-group/ca79c29745046510","type":"elbv2"}],"vpc_zone_identifier":["subnet-04550282293f5be5b","subnet-0fbd294b85b0050ea"],"wait_for_capacity_timeout":"10m","wait_for_elb_capacity":null,"warm_pool":[],"warm_pool_size":0},"after":null,"after_unknown":{},"before_sensitive":{"availability_zones":[false,false],"enabled_metrics":[],"initial_lifecycle_hook":[],"instance_maintenance_policy":[],"instance_refresh":[],"launch_template":[{}],"load_balancers":[],"mixed_instances_policy":[],"suspended_processes":[],"tag":[{}],"target_group_arns":[false],"termination_policies":[],"traffic_source":[{}],"vpc_zone_identifier":[false,false],"warm_pool":[]},"after_sensitive":false}},{"address":"aws_autoscaling_policy.scale_out","mode":"managed","type":"aws_autoscaling_policy","name":"scale_out","provider_name":"registry.terraform.io/hashicorp/aws","change":{"actions":["delete"],"before":{"adjustment_type":"","arn":"arn:aws:autoscaling:us-west-2:992382653845:scalingPolicy:0c8ec092-7d7d-4974-86f6-9199ada3ac92:autoScalingGroupName/wordpress-asg:policyName/scale_out","autoscaling_group_name":"wordpress-asg","cooldown":0,"enabled":true,"estimated_instance_warmup":0,"id":"scale_out","metric_aggregation_type":"","min_adjustment_magnitude":0,"name":"scale_out","policy_type":"TargetTrackingScaling","predictive_scaling_configuration":[],"scaling_adjustment":0,"step_adjustment":[],"target_tracking_configuration":[{"customized_metric_specification":[],"disable_scale_in":false,"predefined_metric_specification":[{"predefined_metric_type":"ASGAverageCPUUtilization","resource_label":""}],"target_value":80}]},"after":null,"after_unknown":{},"before_sensitive":{"predictive_scaling_configuration":[],"step_adjustment":[],"target_tracking_configuration":[{"customized_metric_specification":[],"predefined_metric_specification":[{}]}]},"after_sensitive":false}},{"address":"aws_cloudwatch_metric_alarm.cpu_utilization_alarm","mode":"managed","type":"aws_cloudwatch_metric_alarm","name":"cpu_utilization_alarm","provider_name":"registry.terraform.io/hashicorp/aws","change":{"actions":["delete"],"before":{"actions_enabled":true,"alarm_actions":["arn:aws:sns:us-west-2:992382653845:sns_topic"],"alarm_description":"Alarm when CPU utilization is less than or equal to 80%","alarm_name":"stress_on_ec2","arn":"arn:aws:cloudwatch:us-west-2:992382653845:alarm:stress_on_ec2","comparison_operator":"GreaterThanOrEqualToThreshold","datapoints_to_alarm":0,"dimensions":{"InstanceId":"i-01583f435a34ac466"},"evaluate_low_sample_count_percentiles":"","evaluation_periods":1,"extended_statistic":"","id":"stress_on_ec2","insufficient_data_actions":[],"metric_name":"CPUUtilization","metric_query":[],"namespace":"AWS/EC2","ok_actions":[],"period":300,"statistic":"Average","tags":{},"tags_all":{},"threshold":80,"threshold_metric_id":"","treat_missing_data":"missing","unit":""},"after":null,"after_unknown":{},"before_sensitive":{"alarm_actions":[false],"dimensions":{},"insufficient_data_actions":[],"metric_query":[],"ok_actions":[],"tags":{},"tags_all":{}},"after_sensitive":false}},{"address":"aws_db_instance.mysql","mode":"managed","type":"aws_db_instance","name":"mysql","provider_name":"registry.terraform.io/hashicorp/aws","change":{"actions":["delete"],"before":{"address":"rds-db.cl8cwiesyxvf.us-west-2.rds.amazonaws.com","allocated_storage":10,"allow_major_version_upgrade":null,"apply_immediately":false,"arn":"arn:aws:rds:us-west-2:992382653845:db:rds-db","auto_minor_version_upgrade":true,"availability_zone":"us-west-2a","backup_retention_period":0,"backup_target":"region","backup_window":"11:13-11:43","blue_green_update":[],"ca_cert_identifier":"rds-ca-rsa2048-g1","character_set_name":"","copy_tags_to_snapshot":false,"custom_iam_instance_profile":"","customer_owned_ip_enabled":false,"db_name":"wordpressDb","db_subnet_group_name":"private_group","dedicated_log_volume":false,"delete_automated_backups":true,"deletion_protection":false,"domain":"","domain_auth_secret_arn":"","domain_dns_ips":[],"domain_fqdn":"","domain_iam_role_name":"","domain_ou":"","enabled_cloudwatch_logs_exports":[],"endpoint":"rds-db.cl8cwiesyxvf.us-west-2.rds.amazonaws.com:3306","engine":"mysql","engine_version":"8.0.35","engine_version_actual":"8.0.35","final_snapshot_identifier":null,"hosted_zone_id":"Z1PVIF0B656C1W","iam_database_authentication_enabled":false,"id":"db-QRFOUXJ453VUUQ5P36RSWBPJG4","identifier":"rds-db","identifier_prefix":"","instance_class":"db.t3.micro","iops":0,"kms_key_id":"","latest_restorable_time":"","license_model":"general-public-license","listener_endpoint":[],"maintenance_window":"fri:10:21-fri:10:51","manage_master_user_password":null,"master_user_secret":[],"master_user_secret_kms_key_id":null,"max_allocated_storage":0,"monitoring_interval":0,"monitoring_role_arn":"","multi_az":false,"nchar_character_set_name":"","network_type":"IPV4","option_group_name":"default:mysql-8-0","parameter_group_name":"default.mysql8.0","password":"rootpassword#123","performance_insights_enabled":false,"performance_insights_kms_key_id":"","performance_insights_retention_period":0,"port":3306,"publicly_accessible":false,"replica_mode":"","replicas":[],"replicate_source_db":"","resource_id":"db-QRFOUXJ453VUUQ5P36RSWBPJG4","restore_to_point_in_time":[],"s3_import":[],"skip_final_snapshot":true,"snapshot_identifier":null,"status":"available","storage_encrypted":false,"storage_throughput":0,"storage_type":"gp2","tags":{"Name":"rds_db 16-7-24"},"tags_all":{"Name":"rds_db 16-7-24"},"timeouts":null,"timezone":"","username":"faraifara","vpc_security_group_ids":["sg-0c7d7edd703250b73"]},"after":null,"after_unknown":{},"before_sensitive":{"blue_green_update":[],"domain_dns_ips":[],"enabled_cloudwatch_logs_exports":[],"listener_endpoint":[],"master_user_secret":[],"password":true,"replicas":[],"restore_to_point_in_time":[],"s3_import":[],"tags":{},"tags_all":{},"vpc_security_group_ids":[false]},"after_sensitive":false}},{"address":"aws_db_subnet_group.private","mode":"managed","type":"aws_db_subnet_group","name":"private","provider_name":"registry.terraform.io/hashicorp/aws","change":{"actions":["delete"],"before":{"arn":"arn:aws:rds:us-west-2:992382653845:subgrp:private_group","description":"Managed by Terraform","id":"private_group","name":"private_group","name_prefix":"","subnet_ids":["subnet-04f6653a1f45087d3","subnet-0ba2e69637b0ef542"],"supported_network_types":["IPV4"],"tags":{"Name":"Private_Group 16-7-24"},"tags_all":{"Name":"Private_Group 16-7-24"},"vpc_id":"vpc-0ecc903b5b485b87c"},"after":null,"after_unknown":{},"before_sensitive":{"subnet_ids":[false,false],"supported_network_types":[false],"tags":{},"tags_all":{}},"after_sensitive":false}},{"address":"aws_instance.wordpress_instance","mode":"managed","type":"aws_instance","name":"wordpress_instance","provider_name":"registry.terraform.io/hashicorp/aws","change":{"actions":["delete"],"before":{"ami":"ami-03789dbbf779d9790","arn":"arn:aws:ec2:us-west-2:992382653845:instance/i-01583f435a34ac466","associate_public_ip_address":true,"availability_zone":"us-west-2a","capacity_reservation_specification":[{"capacity_reservation_preference":"open","capacity_reservation_target":[]}],"cpu_core_count":1,"cpu_options":[{"amd_sev_snp":"","core_count":1,"threads_per_core":1}],"cpu_threads_per_core":1,"credit_specification":[{"cpu_credits":"standard"}],"disable_api_stop":false,"disable_api_termination":false,"ebs_block_device":[],"ebs_optimized":false,"enclave_options":[{"enabled":false}],"ephemeral_block_device":[],"get_password_data":false,"hibernation":false,"host_id":"","host_resource_group_arn":null,"iam_instance_profile":"","id":"i-01583f435a34ac466","instance_initiated_shutdown_behavior":"stop","instance_lifecycle":"","instance_market_options":[],"instance_state":"running","instance_type":"t2.micro","ipv6_address_count":0,"ipv6_addresses":[],"key_name":"vockey","launch_template":[],"maintenance_options":[{"auto_recovery":"default"}],"metadata_options":[{"http_endpoint":"enabled","http_protocol_ipv6":"disabled","http_put_response_hop_limit":1,"http_tokens":"optional","instance_metadata_tags":"disabled"}],"monitoring":false,"network_interface":[],"outpost_arn":"","password_data":"","placement_group":"","placement_partition_number":0,"primary_network_interface_id":"eni-005c41e5f90a9c9ae","private_dns":"ip-10-0-0-13.us-west-2.compute.internal","private_dns_name_options":[{"enable_resource_name_dns_a_record":false,"enable_resource_name_dns_aaaa_record":false,"hostname_type":"ip-name"}],"private_ip":"10.0.0.13","public_dns":"ec2-35-90-37-244.us-west-2.compute.amazonaws.com","public_ip":"35.90.37.244","root_block_device":[{"delete_on_termination":true,"device_name":"/dev/xvda","encrypted":false,"iops":100,"kms_key_id":"","tags":{},"tags_all":{},"throughput":0,"volume_id":"vol-02f617b5ab91168de","volume_size":8,"volume_type":"gp2"}],"secondary_private_ips":[],"security_groups":[],"source_dest_check":true,"spot_instance_request_id":"","subnet_id":"subnet-0fbd294b85b0050ea","tags":{"Name":"WordPress Instance 16-7-24"},"tags_all":{"Name":"WordPress Instance 16-7-24"},"tenancy":"default","timeouts":null,"user_data":"9a3dbff83ecda3b3aecc04074f7b7b624de6e420","user_data_base64":null,"user_data_replace_on_change":false,"volume_tags":null,"vpc_security_group_ids":["sg-0db64b4e62c8df79c"]},"after":null,"after_unknown":{},"before_sensitive":{"capacity_reservation_specification":[{"capacity_reservation_target":[]}],"cpu_options":[{}],"credit_specification":[{}],"ebs_block_device":[],"enclave_options":[{}],"ephemeral_block_device":[],"instance_market_options":[],"ipv6_addresses":[],"launch_template":[],"maintenance_options":[{}],"metadata_options":[{}],"network_interface":[],"private_dns_name_options":[{}],"root_block_device":[{"tags":{},"tags_all":{}}],"secondary_private_ips":[],"security_groups":[],"tags":{},"tags_all":{},"vpc_security_group_ids":[false]},"after_sensitive":false}},{"address":"aws_internet_gateway.igw","mode":"managed","type":"aws_internet_gateway","name":"igw","provider_name":"registry.terraform.io/hashicorp/aws","change":{"actions":["delete"],"before":{"arn":"arn:aws:ec2:us-west-2:992382653845:internet-gateway/igw-072a4b38e79a02214","id":"igw-072a4b38e79a02214","owner_id":"992382653845","tags":{"Name":"igw 16-7-24"},"tags_all":{"Name":"igw 16-7-24"},"timeouts":null,"vpc_id":"vpc-0ecc903b5b485b87c"},"after":null,"after_unknown":{},"before_sensitive":{"tags":{},"tags_all":{}},"after_sensitive":false}},{"address":"aws_launch_configuration.scaling_launch_config","mode":"managed","type":"aws_launch_configuration","name":"scaling_launch_config","provider_name":"registry.terraform.io/hashicorp/aws","change":{"actions":["delete"],"before":{"arn":"arn:aws:autoscaling:us-west-2:992382653845:launchConfiguration:01e57a30-36f0-4896-a5d2-d26c4023c446:launchConfigurationName/terraform-20240716101017258600000004","associate_public_ip_address":false,"ebs_block_device":[],"ebs_optimized":false,"enable_monitoring":true,"ephemeral_block_device":[],"iam_instance_profile":"","id":"terraform-20240716101017258600000004","image_id":"ami-03789dbbf779d9790","instance_type":"t2.micro","key_name":"vockey","metadata_options":[],"name":"terraform-20240716101017258600000004","name_prefix":"terraform-","placement_tenancy":"","root_block_device":[],"security_groups":["sg-0db64b4e62c8df79c"],"spot_price":"","user_data":null,"user_data_base64":null},"after":null,"after_unknown":{},"before_sensitive":{"ebs_block_device":[],"ephemeral_block_device":[],"metadata_options":[],"root_block_device":[],"security_groups":[false]},"after_sensitive":false}},{"address":"aws_launch_template.scaling_launch_template","mode":"managed","type":"aws_launch_template","name":"scaling_launch_template","provider_name":"registry.terraform.io/hashicorp/aws","change":{"actions":["delete"],"before":{"arn":"arn:aws:ec2:us-west-2:992382653845:launch-template/lt-04b40fa4f224eccb0","block_device_mappings":[],"capacity_reservation_specification":[],"cpu_options":[],"credit_specification":[],"default_version":1,"description":"","disable_api_stop":false,"disable_api_termination":false,"ebs_optimized":"","elastic_gpu_specifications":[],"elastic_inference_accelerator":[],"enclave_options":[],"hibernation_options":[],"iam_instance_profile":[],"id":"lt-04b40fa4f224eccb0","image_id":"ami-03789dbbf779d9790","instance_initiated_shutdown_behavior":"","instance_market_options":[],"instance_requirements":[],"instance_type":"t2.micro","kernel_id":"","key_name":"vockey","latest_version":1,"license_specification":[],"maintenance_options":[],"metadata_options":[],"monitoring":[],"name":"scaling_launch_template20240716101354308000000006","name_prefix":"scaling_launch_template","network_interfaces":[],"placement":[],"private_dns_name_options":[],"ram_disk_id":"","security_group_names":[],"tag_specifications":[{"resource_type":"instance","tags":{"Name":"WordPress Instance AS"}}],"tags":{},"tags_all":{},"update_default_version":null,"user_data":"IyEgL2Jpbi9iYXNoCiMgIyBJbnN0YWxsIHVwZGF0ZXMKc3VkbyB5dW0gdXBkYXRlIC15CgojIENvbmZpZ3VyZSBBV1MgQ0xJIHdpdGggSUFNIHJvbGUgY3JlZGVudGlhbHMKYXdzIGNvbmZpZ3VyZSBzZXQgZGVmYXVsdC5yZWdpb24gdXMtd2VzdC0yCgpzdWRvIHl1bSBpbnN0YWxsIC15IHN0cmVzcy1uZwoKI0luc3RhbGwgaHR0cGQKc3VkbyB5dW0gaW5zdGFsbCAteSBodHRwZApzdWRvIHN5c3RlbWN0bCBzdGFydCBodHRwZApzdWRvIHN5c3RlbWN0bCBlbmFibGUgaHR0cGQKCiNJbnN0YWxsIG15c3FsCnN1ZG8geXVtIGluc3RhbGwgLXkgbXlzcWwKCiNJbnN0YWxsIFBIUApzdWRvIHl1bSBpbnN0YWxsIC15IHBocCAKc3VkbyBhbWF6b24tbGludXgtZXh0cmFzIGluc3RhbGwgCgoKIyBVcGRhdGUgYWxsIGluc3RhbGxlZCAKc3VkbyB5dW0gdXBkYXRlIC15CgojUmVzdGFydCBBcGFjaGUKc3VkbyBzeXN0ZW1jdGwgcmVzdGFydCBodHRwZAoKI0luc3RhbGwgV29yZHByZXNzCkRCUm9vdFBhc3N3b3JkPSdyb290cGFzc3dvcmQnCm15c3FsYWRtaW4gLXUgcm9vdCBwYXNzd29yZCAkREJSb290UGFzc3dvcmQKCiMgUmV0cmlldmUgUkRTIGVuZHBvaW50IGZyb20gVGVycmFmb3JtIG91dHB1dApEQk5hbWU9d29yZHByZXNzRGIKREJVc2VyPWZhcmFpZmFyYQpEQlBhc3N3b3JkPXJvb3RwYXNzd29yZCMxMjMKUkRTX0VORFBPSU5UPXJkcy1kYi5jbDhjd2llc3l4dmYudXMtd2VzdC0yLnJkcy5hbWF6b25hd3MuY29tCgojIENyZWF0ZSBhIHRlbXBvcmFyeSBmaWxlIHRvIHN0b3JlIHRoZSBkYXRhYmFzZSB2YWx1ZQpzdWRvIHRvdWNoIGRiLnR4dApzdWRvIGNobW9kIDc3NyBkYi50eHQKc3VkbyBlY2hvICJEQVRBQkFTRSAkREJOYW1lOyIgPj4gZGIudHh0CnN1ZG8gZWNobyAiVVNFUiAkREJVc2VyOyIgPj4gZGIudHh0CnN1ZG8gZWNobyAiUEFTU1dPUkQgJERCUGFzc3dvcmQ7IiA+PiBkYi50eHQKc3VkbyBlY2hvICJIT1NUICRSRFNfRU5EUE9JTlQ7IiA+PiBkYi50eHQKCgpzdWRvIHl1bSBpbnN0YWxsIC15IHdnZXQKc3VkbyB3Z2V0IGh0dHA6Ly93b3JkcHJlc3Mub3JnL2xhdGVzdC50YXIuZ3ogLVAgL3Zhci93d3cvaHRtbC8KCmNkIC92YXIvd3d3L2h0bWwKc3VkbyB0YXIgLXp4dmYgbGF0ZXN0LnRhci5negpzdWRvIGNwIC1ydmYgd29yZHByZXNzLyogLgoKc3VkbyBybSAtUiB3b3JkcHJlc3MKc3VkbyBybSBsYXRlc3QudGFyLmd6CgplY2hvICJUZXJyYWZvcm0gb3V0cHV0OiIKCiMgQ29weSB3cC1jb25maWcucGhwIGZpbGUgdG8gd29yZHByZXNzIGRpcmVjdG9yeQpzdWRvIGNwIC4vd3AtY29uZmlnLXNhbXBsZS5waHAgLi93cC1jb25maWcucGhwCnN1ZG8gc2VkIC1pICJzLydkYXRhYmFzZV9uYW1lX2hlcmUnLyckREJOYW1lJy9nIiB3cC1jb25maWcucGhwCnN1ZG8gc2VkIC1pICJzLyd1c2VybmFtZV9oZXJlJy8nJERCVXNlcicvZyIgd3AtY29uZmlnLnBocApzdWRvIHNlZCAtaSAicy8ncGFzc3dvcmRfaGVyZScvJyREQlBhc3N3b3JkJy9nIiB3cC1jb25maWcucGhwCnN1ZG8gc2VkIC1pICJzLydsb2NhbGhvc3QnLyckUkRTX0VORFBPSU5UJy9nIiB3cC1jb25maWcucGhwCgpzdWRvIG15c3FsIC1oICIkUkRTX0VORFBPSU5UIiAtdSAiJERCVXNlciIgLXAiJERCUGFzc3dvcmQiICIkREJOYW1lIiAtZSAiU0hPVyBEQVRBQkFTRVM7IgoKI0luc3RhbGwgUEhQIEV4dGVuc2lvbnMKc3VkbyBhbWF6b24tbGludXgtZXh0cmFzIGVuYWJsZSBwaHA3LjQKc3VkbyB5dW0gY2xlYW4gbWV0YWRhdGEKc3VkbyB5dW0gaW5zdGFsbCAteSBwaHAtY2xpIHBocC1wZG8gcGhwLWZwbSBwaHAtanNvbiBwaHAtbXlzcWxuZAoKIyBSZXN0YXJ0IEFwYWNoZQpzdWRvIHN5c3RlbWN0bCByZXN0YXJ0IGh0dHBk","vpc_security_group_ids":["sg-0db64b4e62c8df79c"]},"after":null,"after_unknown":{},"before_sensitive":{"block_device_mappings":[],"capacity_reservation_specification":[],"cpu_options":[],"credit_specification":[],"elastic_gpu_specifications":[],"elastic_inference_accelerator":[],"enclave_options":[],"hibernation_options":[],"iam_instance_profile":[],"instance_market_options":[],"instance_requirements":[],"license_specification":[],"maintenance_options":[],"metadata_options":[],"monitoring":[],"network_interfaces":[],"placement":[],"private_dns_name_options":[],"security_group_names":[],"tag_specifications":[{"tags":{}}],"tags":{},"tags_all":{},"vpc_security_group_ids":[false]},"after_sensitive":false}},{"address":"aws_lb.wordpress_alb","mode":"managed","type":"aws_lb","name":"wordpress_alb","provider_name":"registry.terraform.io/hashicorp/aws","change":{"actions":["delete"],"before":{"access_logs":[{"bucket":"","enabled":false,"prefix":""}],"arn":"arn:aws:elasticloadbalancing:us-west-2:992382653845:loadbalancer/app/wordpress-alb/7df973ec343e613b","arn_suffix":"app/wordpress-alb/7df973ec343e613b","client_keep_alive":3600,"connection_logs":[{"bucket":"","enabled":false,"prefix":""}],"customer_owned_ipv4_pool":"","desync_mitigation_mode":"defensive","dns_name":"wordpress-alb-1744615252.us-west-2.elb.amazonaws.com","dns_record_client_routing_policy":null,"drop_invalid_header_fields":false,"enable_cross_zone_load_balancing":true,"enable_deletion_protection":false,"enable_http2":true,"enable_tls_version_and_cipher_suite_headers":false,"enable_waf_fail_open":false,"enable_xff_client_port":false,"enforce_security_group_inbound_rules_on_private_link_traffic":"","id":"arn:aws:elasticloadbalancing:us-west-2:992382653845:loadbalancer/app/wordpress-alb/7df973ec343e613b","idle_timeout":60,"internal":false,"ip_address_type":"ipv4","load_balancer_type":"application","name":"wordpress-alb","name_prefix":"","preserve_host_header":false,"security_groups":["sg-0db64b4e62c8df79c"],"subnet_mapping":[{"allocation_id":"","ipv6_address":"","outpost_id":"","private_ipv4_address":"","subnet_id":"subnet-04550282293f5be5b"},{"allocation_id":"","ipv6_address":"","outpost_id":"","private_ipv4_address":"","subnet_id":"subnet-0fbd294b85b0050ea"}],"subnets":["subnet-04550282293f5be5b","subnet-0fbd294b85b0050ea"],"tags":{"Name":"wordpress_alb 16-7-24"},"tags_all":{"Name":"wordpress_alb 16-7-24"},"timeouts":null,"vpc_id":"vpc-0ecc903b5b485b87c","xff_header_processing_mode":"append","zone_id":"Z1H1FL5HABSF5"},"after":null,"after_unknown":{},"before_sensitive":{"access_logs":[{}],"connection_logs":[{}],"security_groups":[false],"subnet_mapping":[{},{}],"subnets":[false,false],"tags":{},"tags_all":{}},"after_sensitive":false}},{"address":"aws_lb_listener.wordpress_listener","mode":"managed","type":"aws_lb_listener","name":"wordpress_listener","provider_name":"registry.terraform.io/hashicorp/aws","change":{"actions":["delete"],"before":{"alpn_policy":null,"arn":"arn:aws:elasticloadbalancing:us-west-2:992382653845:listener/app/wordpress-alb/7df973ec343e613b/b8c228f76e6723e7","certificate_arn":null,"default_action":[{"authenticate_cognito":[],"authenticate_oidc":[],"fixed_response":[],"forward":[],"order":1,"redirect":[],"target_group_arn":"arn:aws:elasticloadbalancing:us-west-2:992382653845:targetgroup/wordpress-target-group/ca79c29745046510","type":"forward"}],"id":"arn:aws:elasticloadbalancing:us-west-2:992382653845:listener/app/wordpress-alb/7df973ec343e613b/b8c228f76e6723e7","load_balancer_arn":"arn:aws:elasticloadbalancing:us-west-2:992382653845:loadbalancer/app/wordpress-alb/7df973ec343e613b","mutual_authentication":[],"port":80,"protocol":"HTTP","ssl_policy":"","tags":{},"tags_all":{},"timeouts":null},"after":null,"after_unknown":{},"before_sensitive":{"default_action":[{"authenticate_cognito":[],"authenticate_oidc":[],"fixed_response":[],"forward":[],"redirect":[]}],"mutual_authentication":[],"tags":{},"tags_all":{}},"after_sensitive":false}},{"address":"aws_lb_target_group.Wordpress_target_group","mode":"managed","type":"aws_lb_target_group","name":"Wordpress_target_group","provider_name":"registry.terraform.io/hashicorp/aws","change":{"actions":["delete"],"before":{"arn":"arn:aws:elasticloadbalancing:us-west-2:992382653845:targetgroup/wordpress-target-group/ca79c29745046510","arn_suffix":"targetgroup/wordpress-target-group/ca79c29745046510","connection_termination":null,"deregistration_delay":"300","health_check":[{"enabled":true,"healthy_threshold":5,"interval":30,"matcher":"200","path":"/","port":"traffic-port","protocol":"HTTP","timeout":5,"unhealthy_threshold":2}],"id":"arn:aws:elasticloadbalancing:us-west-2:992382653845:targetgroup/wordpress-target-group/ca79c29745046510","ip_address_type":"ipv4","lambda_multi_value_headers_enabled":false,"load_balancer_arns":["arn:aws:elasticloadbalancing:us-west-2:992382653845:loadbalancer/app/wordpress-alb/7df973ec343e613b"],"load_balancing_algorithm_type":"round_robin","load_balancing_anomaly_mitigation":"off","load_balancing_cross_zone_enabled":"use_load_balancer_configuration","name":"wordpress-target-group","name_prefix":"","port":80,"preserve_client_ip":null,"protocol":"HTTP","protocol_version":"HTTP1","proxy_protocol_v2":false,"slow_start":0,"stickiness":[{"cookie_duration":86400,"cookie_name":"","enabled":false,"type":"lb_cookie"}],"tags":{"Name":"wordpress-target-group 16-7-24"},"tags_all":{"Name":"wordpress-target-group 16-7-24"},"target_failover":[{"on_deregistration":null,"on_unhealthy":null}],"target_health_state":[{"enable_unhealthy_connection_termination":null}],"target_type":"instance","vpc_id":"vpc-0ecc903b5b485b87c"},"after":null,"after_unknown":{},"before_sensitive":{"health_check":[{}],"load_balancer_arns":[false],"stickiness":[{}],"tags":{},"tags_all":{},"target_failover":[{}],"target_health_state":[{}]},"after_sensitive":false}},{"address":"aws_lb_target_group_attachment.wordpress_target_group_attachment","mode":"managed","type":"aws_lb_target_group_attachment","name":"wordpress_target_group_attachment","provider_name":"registry.terraform.io/hashicorp/aws","change":{"actions":["delete"],"before":{"availability_zone":null,"id":"arn:aws:elasticloadbalancing:us-west-2:992382653845:targetgroup/wordpress-target-group/ca79c29745046510-20240716101429700700000008","port":80,"target_group_arn":"arn:aws:elasticloadbalancing:us-west-2:992382653845:targetgroup/wordpress-target-group/ca79c29745046510","target_id":"i-01583f435a34ac466"},"after":null,"after_unknown":{},"before_sensitive":{},"after_sensitive":false}},{"address":"aws_route_table.private[0]","mode":"managed","type":"aws_route_table","name":"private","index":0,"provider_name":"registry.terraform.io/hashicorp/aws","change":{"actions":["delete"],"before":{"arn":"arn:aws:ec2:us-west-2:992382653845:route-table/rtb-04382d69c493b4d8b","id":"rtb-04382d69c493b4d8b","owner_id":"992382653845","propagating_vgws":[],"route":[],"tags":{"Name":"Private_Route_Table 16-7-24_1"},"tags_all":{"Name":"Private_Route_Table 16-7-24_1"},"timeouts":null,"vpc_id":"vpc-0ecc903b5b485b87c"},"after":null,"after_unknown":{},"before_sensitive":{"propagating_vgws":[],"route":[],"tags":{},"tags_all":{}},"after_sensitive":false}},{"address":"aws_route_table.private[1]","mode":"managed","type":"aws_route_table","name":"private","index":1,"provider_name":"registry.terraform.io/hashicorp/aws","change":{"actions":["delete"],"before":{"arn":"arn:aws:ec2:us-west-2:992382653845:route-table/rtb-005c8582085f8af09","id":"rtb-005c8582085f8af09","owner_id":"992382653845","propagating_vgws":[],"route":[],"tags":{"Name":"Private_Route_Table 16-7-24_2"},"tags_all":{"Name":"Private_Route_Table 16-7-24_2"},"timeouts":null,"vpc_id":"vpc-0ecc903b5b485b87c"},"after":null,"after_unknown":{},"before_sensitive":{"propagating_vgws":[],"route":[],"tags":{},"tags_all":{}},"after_sensitive":false}},{"address":"aws_route_table.public","mode":"managed","type":"aws_route_table","name":"public","provider_name":"registry.terraform.io/hashicorp/aws","change":{"actions":["delete"],"before":{"arn":"arn:aws:ec2:us-west-2:992382653845:route-table/rtb-04e353277e3599f2c","id":"rtb-04e353277e3599f2c","owner_id":"992382653845","propagating_vgws":[],"route":[{"carrier_gateway_id":"","cidr_block":"0.0.0.0/0","core_network_arn":"","destination_prefix_list_id":"","egress_only_gateway_id":"","gateway_id":"igw-072a4b38e79a02214","ipv6_cidr_block":"","local_gateway_id":"","nat_gateway_id":"","network_interface_id":"","transit_gateway_id":"","vpc_endpoint_id":"","vpc_peering_connection_id":""}],"tags":{"Name":"Public_Route_Table 16-7-24"},"tags_all":{"Name":"Public_Route_Table 16-7-24"},"timeouts":null,"vpc_id":"vpc-0ecc903b5b485b87c"},"after":null,"after_unknown":{},"before_sensitive":{"propagating_vgws":[],"route":[{}],"tags":{},"tags_all":{}},"after_sensitive":false}},{"address":"aws_route_table_association.private_assoc[0]","mode":"managed","type":"aws_route_table_association","name":"private_assoc","index":0,"provider_name":"registry.terraform.io/hashicorp/aws","change":{"actions":["delete"],"before":{"gateway_id":"","id":"rtbassoc-0a5700a7b38f299b9","route_table_id":"rtb-04382d69c493b4d8b","subnet_id":"subnet-04f6653a1f45087d3","timeouts":null},"after":null,"after_unknown":{},"before_sensitive":{},"after_sensitive":false}},{"address":"aws_route_table_association.private_assoc[1]","mode":"managed","type":"aws_route_table_association","name":"private_assoc","index":1,"provider_name":"registry.terraform.io/hashicorp/aws","change":{"actions":["delete"],"before":{"gateway_id":"","id":"rtbassoc-0033c469d2f98b96b","route_table_id":"rtb-005c8582085f8af09","subnet_id":"subnet-0ba2e69637b0ef542","timeouts":null},"after":null,"after_unknown":{},"before_sensitive":{},"after_sensitive":false}},{"address":"aws_route_table_association.public_assoc[0]","mode":"managed","type":"aws_route_table_association","name":"public_assoc","index":0,"provider_name":"registry.terraform.io/hashicorp/aws","change":{"actions":["delete"],"before":{"gateway_id":"","id":"rtbassoc-0b1232640636c539e","route_table_id":"rtb-04e353277e3599f2c","subnet_id":"subnet-0fbd294b85b0050ea","timeouts":null},"after":null,"after_unknown":{},"before_sensitive":{},"after_sensitive":false}},{"address":"aws_route_table_association.public_assoc[1]","mode":"managed","type":"aws_route_table_association","name":"public_assoc","index":1,"provider_name":"registry.terraform.io/hashicorp/aws","change":{"actions":["delete"],"before":{"gateway_id":"","id":"rtbassoc-0c0642624967e1f73","route_table_id":"rtb-04e353277e3599f2c","subnet_id":"subnet-04550282293f5be5b","timeouts":null},"after":null,"after_unknown":{},"before_sensitive":{},"after_sensitive":false}},{"address":"aws_s3_bucket.wordpress","mode":"managed","type":"aws_s3_bucket","name":"wordpress","provider_name":"registry.terraform.io/hashicorp/aws","change":{"actions":["delete"],"before":{"acceleration_status":"","acl":null,"arn":"arn:aws:s3:::s3-bucket-16-7-24-16-7-24-2973","bucket":"s3-bucket-16-7-24-16-7-24-2973","bucket_domain_name":"s3-bucket-16-7-24-16-7-24-2973.s3.amazonaws.com","bucket_prefix":"","bucket_regional_domain_name":null,"cors_rule":[],"force_destroy":false,"grant":[{"id":"1328c44503cac3aa3f276a5feffaf117a469a83ab8faab8cf829ab82f4e6015f","permissions":["FULL_CONTROL"],"type":"CanonicalUser","uri":""}],"hosted_zone_id":null,"id":"s3-bucket-16-7-24-16-7-24-2973","lifecycle_rule":[],"logging":[],"object_lock_configuration":[],"object_lock_enabled":null,"policy":"","region":null,"replication_configuration":[],"request_payer":"BucketOwner","server_side_encryption_configuration":[{"rule":[{"apply_server_side_encryption_by_default":[{"kms_master_key_id":"","sse_algorithm":"AES256"}],"bucket_key_enabled":false}]}],"tags":{"Name":"s3-bucket-16-7-24_16-7-24"},"tags_all":{"Name":"s3-bucket-16-7-24_16-7-24"},"timeouts":null,"versioning":[{"enabled":false,"mfa_delete":false}],"website":[],"website_domain":null,"website_endpoint":null},"after":null,"after_unknown":{},"before_sensitive":{"cors_rule":[],"grant":[{"permissions":[false]}],"lifecycle_rule":[],"logging":[],"object_lock_configuration":[],"replication_configuration":[],"server_side_encryption_configuration":[{"rule":[{"apply_server_side_encryption_by_default":[{}]}]}],"tags":{},"tags_all":{},"versioning":[{}],"website":[]},"after_sensitive":false}},{"address":"aws_security_group.rds_mysql","mode":"managed","type":"aws_security_group","name":"rds_mysql","provider_name":"registry.terraform.io/hashicorp/aws","change":{"actions":["delete"],"before":{"arn":"arn:aws:ec2:us-west-2:992382653845:security-group/sg-0c7d7edd703250b73","description":"Security group for RDS database","egress":[{"cidr_blocks":["0.0.0.0/0"],"description":"","from_port":0,"ipv6_cidr_blocks":[],"prefix_list_ids":[],"protocol":"-1","security_groups":[],"self":false,"to_port":0}],"id":"sg-0c7d7edd703250b73","ingress":[{"cidr_blocks":["0.0.0.0/0"],"description":"","from_port":3306,"ipv6_cidr_blocks":[],"prefix_list_ids":[],"protocol":"tcp","security_groups":[],"self":false,"to_port":3306}],"name":"rds_mysql_sg","name_prefix":"","owner_id":"992382653845","revoke_rules_on_delete":false,"tags":{"Name":"rds_mysql 16-7-24"},"tags_all":{"Name":"rds_mysql 16-7-24"},"timeouts":null,"vpc_id":"vpc-0ecc903b5b485b87c"},"after":null,"after_unknown":{},"before_sensitive":{"egress":[{"cidr_blocks":[false],"ipv6_cidr_blocks":[],"prefix_list_ids":[],"security_groups":[]}],"ingress":[{"cidr_blocks":[false],"ipv6_cidr_blocks":[],"prefix_list_ids":[],"security_groups":[]}],"tags":{},"tags_all":{}},"after_sensitive":false}},{"address":"aws_security_group.wordpress_sg","mode":"managed","type":"aws_security_group","name":"wordpress_sg","provider_name":"registry.terraform.io/hashicorp/aws","change":{"actions":["delete"],"before":{"arn":"arn:aws:ec2:us-west-2:992382653845:security-group/sg-0db64b4e62c8df79c","description":"Security group for WordPress instance","egress":[{"cidr_blocks":["0.0.0.0/0"],"description":"All traffic","from_port":0,"ipv6_cidr_blocks":[],"prefix_list_ids":[],"protocol":"-1","security_groups":[],"self":false,"to_port":0}],"id":"sg-0db64b4e62c8df79c","ingress":[{"cidr_blocks":["0.0.0.0/0"],"description":"HTTP","from_port":80,"ipv6_cidr_blocks":[],"prefix_list_ids":[],"protocol":"tcp","security_groups":[],"self":false,"to_port":80},{"cidr_blocks":["0.0.0.0/0"],"description":"SSH","from_port":22,"ipv6_cidr_blocks":[],"prefix_list_ids":[],"protocol":"tcp","security_groups":[],"self":false,"to_port":22}],"name":"wordpress_sg","name_prefix":"","owner_id":"992382653845","revoke_rules_on_delete":false,"tags":{"Name":"wordpress_sg 16-7-24"},"tags_all":{"Name":"wordpress_sg 16-7-24"},"timeouts":null,"vpc_id":"vpc-0ecc903b5b485b87c"},"after":null,"after_unknown":{},"before_sensitive":{"egress":[{"cidr_blocks":[false],"ipv6_cidr_blocks":[],"prefix_list_ids":[],"security_groups":[]}],"ingress":[{"cidr_blocks":[false],"ipv6_cidr_blocks":[],"prefix_list_ids":[],"security_groups":[]},{"cidr_blocks":[false],"ipv6_cidr_blocks":[],"prefix_list_ids":[],"security_groups":[]}],"tags":{},"tags_all":{}},"after_sensitive":false}},{"address":"aws_sns_topic.sns_topic","mode":"managed","type":"aws_sns_topic","name":"sns_topic","provider_name":"registry.terraform.io/hashicorp/aws","change":{"actions":["delete"],"before":{"application_failure_feedback_role_arn":"","application_success_feedback_role_arn":"","application_success_feedback_sample_rate":0,"archive_policy":"","arn":"arn:aws:sns:us-west-2:992382653845:sns_topic","beginning_archive_time":"","content_based_deduplication":false,"delivery_policy":"","display_name":"","fifo_topic":false,"firehose_failure_feedback_role_arn":"","firehose_success_feedback_role_arn":"","firehose_success_feedback_sample_rate":0,"http_failure_feedback_role_arn":"","http_success_feedback_role_arn":"","http_success_feedback_sample_rate":0,"id":"arn:aws:sns:us-west-2:992382653845:sns_topic","kms_master_key_id":"","lambda_failure_feedback_role_arn":"","lambda_success_feedback_role_arn":"","lambda_success_feedback_sample_rate":0,"name":"sns_topic","name_prefix":"","owner":"992382653845","policy":"{\"Id\":\"__default_policy_ID\",\"Statement\":[{\"Action\":[\"SNS:GetTopicAttributes\",\"SNS:SetTopicAttributes\",\"SNS:AddPermission\",\"SNS:RemovePermission\",\"SNS:DeleteTopic\",\"SNS:Subscribe\",\"SNS:ListSubscriptionsByTopic\",\"SNS:Publish\"],\"Condition\":{\"StringEquals\":{\"AWS:SourceOwner\":\"992382653845\"}},\"Effect\":\"Allow\",\"Principal\":{\"AWS\":\"*\"},\"Resource\":\"arn:aws:sns:us-west-2:992382653845:sns_topic\",\"Sid\":\"__default_statement_ID\"}],\"Version\":\"2008-10-17\"}","signature_version":0,"sqs_failure_feedback_role_arn":"","sqs_success_feedback_role_arn":"","sqs_success_feedback_sample_rate":0,"tags":{},"tags_all":{},"tracing_config":""},"after":null,"after_unknown":{},"before_sensitive":{"tags":{},"tags_all":{}},"after_sensitive":false}},{"address":"aws_subnet.private[0]","mode":"managed","type":"aws_subnet","name":"private","index":0,"provider_name":"registry.terraform.io/hashicorp/aws","change":{"actions":["delete"],"before":{"arn":"arn:aws:ec2:us-west-2:992382653845:subnet/subnet-04f6653a1f45087d3","assign_ipv6_address_on_creation":false,"availability_zone":"us-west-2a","availability_zone_id":"usw2-az2","cidr_block":"10.0.0.128/26","customer_owned_ipv4_pool":"","enable_dns64":false,"enable_lni_at_device_index":0,"enable_resource_name_dns_a_record_on_launch":false,"enable_resource_name_dns_aaaa_record_on_launch":false,"id":"subnet-04f6653a1f45087d3","ipv6_cidr_block":"","ipv6_cidr_block_association_id":"","ipv6_native":false,"map_customer_owned_ip_on_launch":false,"map_public_ip_on_launch":false,"outpost_arn":"","owner_id":"992382653845","private_dns_hostname_type_on_launch":"ip-name","tags":{"Name":"Private_Subnet 16-7-24_1"},"tags_all":{"Name":"Private_Subnet 16-7-24_1"},"timeouts":null,"vpc_id":"vpc-0ecc903b5b485b87c"},"after":null,"after_unknown":{},"before_sensitive":{"tags":{},"tags_all":{}},"after_sensitive":false}},{"address":"aws_subnet.private[1]","mode":"managed","type":"aws_subnet","name":"private","index":1,"provider_name":"registry.terraform.io/hashicorp/aws","change":{"actions":["delete"],"before":{"arn":"arn:aws:ec2:us-west-2:992382653845:subnet/subnet-0ba2e69637b0ef542","assign_ipv6_address_on_creation":false,"availability_zone":"us-west-2b","availability_zone_id":"usw2-az1","cidr_block":"10.0.0.192/26","customer_owned_ipv4_pool":"","enable_dns64":false,"enable_lni_at_device_index":0,"enable_resource_name_dns_a_record_on_launch":false,"enable_resource_name_dns_aaaa_record_on_launch":false,"id":"subnet-0ba2e69637b0ef542","ipv6_cidr_block":"","ipv6_cidr_block_association_id":"","ipv6_native":false,"map_customer_owned_ip_on_launch":false,"map_public_ip_on_launch":false,"outpost_arn":"","owner_id":"992382653845","private_dns_hostname_type_on_launch":"ip-name","tags":{"Name":"Private_Subnet 16-7-24_2"},"tags_all":{"Name":"Private_Subnet 16-7-24_2"},"timeouts":null,"vpc_id":"vpc-0ecc903b5b485b87c"},"after":null,"after_unknown":{},"before_sensitive":{"tags":{},"tags_all":{}},"after_sensitive":false}},{"address":"aws_subnet.public[0]","mode":"managed","type":"aws_subnet","name":"public","index":0,"provider_name":"registry.terraform.io/hashicorp/aws","change":{"actions":["delete"],"before":{"arn":"arn:aws:ec2:us-west-2:992382653845:subnet/subnet-0fbd294b85b0050ea","assign_ipv6_address_on_creation":false,"availability_zone":"us-west-2a","availability_zone_id":"usw2-az2","cidr_block":"10.0.0.0/26","customer_owned_ipv4_pool":"","enable_dns64":false,"enable_lni_at_device_index":0,"enable_resource_name_dns_a_record_on_launch":false,"enable_resource_name_dns_aaaa_record_on_launch":false,"id":"subnet-0fbd294b85b0050ea","ipv6_cidr_block":"","ipv6_cidr_block_association_id":"","ipv6_native":false,"map_customer_owned_ip_on_launch":false,"map_public_ip_on_launch":true,"outpost_arn":"","owner_id":"992382653845","private_dns_hostname_type_on_launch":"ip-name","tags":{"Name":"Public_Subnet 16-7-24_1"},"tags_all":{"Name":"Public_Subnet 16-7-24_1"},"timeouts":null,"vpc_id":"vpc-0ecc903b5b485b87c"},"after":null,"after_unknown":{},"before_sensitive":{"tags":{},"tags_all":{}},"after_sensitive":false}},{"address":"aws_subnet.public[1]","mode":"managed","type":"aws_subnet","name":"public","index":1,"provider_name":"registry.terraform.io/hashicorp/aws","change":{"actions":["delete"],"before":{"arn":"arn:aws:ec2:us-west-2:992382653845:subnet/subnet-04550282293f5be5b","assign_ipv6_address_on_creation":false,"availability_zone":"us-west-2b","availability_zone_id":"usw2-az1","cidr_block":"10.0.0.64/26","customer_owned_ipv4_pool":"","enable_dns64":false,"enable_lni_at_device_index":0,"enable_resource_name_dns_a_record_on_launch":false,"enable_resource_name_dns_aaaa_record_on_launch":false,"id":"subnet-04550282293f5be5b","ipv6_cidr_block":"","ipv6_cidr_block_association_id":"","ipv6_native":false,"map_customer_owned_ip_on_launch":false,"map_public_ip_on_launch":true,"outpost_arn":"","owner_id":"992382653845","private_dns_hostname_type_on_launch":"ip-name","tags":{"Name":"Public_Subnet 16-7-24_2"},"tags_all":{"Name":"Public_Subnet 16-7-24_2"},"timeouts":null,"vpc_id":"vpc-0ecc903b5b485b87c"},"after":null,"after_unknown":{},"before_sensitive":{"tags":{},"tags_all":{}},"after_sensitive":false}},{"address":"aws_vpc.vpc","mode":"managed","type":"aws_vpc","name":"vpc","provider_name":"registry.terraform.io/hashicorp/aws","change":{"actions":["delete"],"before":{"arn":"arn:aws:ec2:us-west-2:992382653845:vpc/vpc-0ecc903b5b485b87c","assign_generated_ipv6_cidr_block":false,"cidr_block":"10.0.0.0/24","default_network_acl_id":"acl-0db75ee90708ee01a","default_route_table_id":"rtb-08b2299bb9e5a58b5","default_security_group_id":"sg-05118ffb4446f3b70","dhcp_options_id":"dopt-05c8d47ece478cfaa","enable_dns_hostnames":true,"enable_dns_support":true,"enable_network_address_usage_metrics":false,"id":"vpc-0ecc903b5b485b87c","instance_tenancy":"default","ipv4_ipam_pool_id":null,"ipv4_netmask_length":null,"ipv6_association_id":"","ipv6_cidr_block":"","ipv6_cidr_block_network_border_group":"","ipv6_ipam_pool_id":"","ipv6_netmask_length":0,"main_route_table_id":"rtb-08b2299bb9e5a58b5","owner_id":"992382653845","tags":{"Name":"vpc 16-7-24"},"tags_all":{"Name":"vpc 16-7-24"}},"after":null,"after_unknown":{},"before_sensitive":{"tags":{},"tags_all":{}},"after_sensitive":false}}],"resource_changes":[{"address":"data.aws_db_instance.mysql_data","mode":"data","type":"aws_db_instance","name":"mysql_data","provider_name":"registry.terraform.io/hashicorp/aws","change":{"actions":["read"],"before":null,"after":{"db_instance_identifier":"rds-db"},"after_unknown":{"address":true,"allocated_storage":true,"auto_minor_version_upgrade":true,"availability_zone":true,"backup_retention_period":true,"ca_cert_identifier":true,"db_cluster_identifier":true,"db_instance_arn":true,"db_instance_class":true,"db_instance_port":true,"db_name":true,"db_parameter_groups":true,"db_subnet_group":true,"enabled_cloudwatch_logs_exports":true,"endpoint":true,"engine":true,"engine_version":true,"hosted_zone_id":true,"id":true,"iops":true,"kms_key_id":true,"license_model":true,"master_user_secret":true,"master_username":true,"max_allocated_storage":true,"monitoring_interval":true,"monitoring_role_arn":true,"multi_az":true,"network_type":true,"option_group_memberships":true,"port":true,"preferred_backup_window":true,"preferred_maintenance_window":true,"publicly_accessible":true,"replicate_source_db":true,"resource_id":true,"storage_encrypted":true,"storage_throughput":true,"storage_type":true,"tags":true,"timezone":true,"vpc_security_groups":true},"before_sensitive":false,"after_sensitive":{"db_parameter_groups":[],"enabled_cloudwatch_logs_exports":[],"master_user_secret":[],"option_group_memberships":[],"tags":{},"vpc_security_groups":[]}},"action_reason":"read_because_dependency_pending"},{"address":"data.template_file.userdataEC","mode":"data","type":"template_file","name":"userdataEC","provider_name":"registry.terraform.io/hashicorp/template","change":{"actions":["read"],"before":null,"after":{"filename":null,"template":"#! /bin/bash\n# # Install updates\nsudo yum update -y\n\n# Configure AWS CLI with IAM role credentials\naws configure set default.region us-west-2\n\nsudo yum install -y stress-ng\n\n#Install httpd\nsudo yum install -y httpd\nsudo systemctl start httpd\nsudo systemctl enable httpd\n\n#Install mysql\nsudo yum install -y mysql\n\n#Install PHP\nsudo yum install -y php \nsudo amazon-linux-extras install \n\n\n# Update all installed \nsudo yum update -y\n\n#Restart Apache\nsudo systemctl restart httpd\n\n#Install Wordpress\nDBRootPassword='rootpassword'\nmysqladmin -u root password $DBRootPassword\n\n# Retrieve RDS endpoint from Terraform output\nDBName=${rds_db_name}\nDBUser=${rds_username}\nDBPassword=${rds_password}\nRDS_ENDPOINT=${rds_endpoint}\n\n# Create a temporary file to store the database value\nsudo touch db.txt\nsudo chmod 777 db.txt\nsudo echo \"DATABASE $DBName;\" \u003e\u003e db.txt\nsudo echo \"USER $DBUser;\" \u003e\u003e db.txt\nsudo echo \"PASSWORD $DBPassword;\" \u003e\u003e db.txt\nsudo echo \"HOST $RDS_ENDPOINT;\" \u003e\u003e db.txt\n\n\nsudo yum install -y wget\nsudo wget http://wordpress.org/latest.tar.gz -P /var/www/html/\n\ncd /var/www/html\nsudo tar -zxvf latest.tar.gz\nsudo cp -rvf wordpress/* .\n\nsudo rm -R wordpress\nsudo rm latest.tar.gz\n\necho \"Terraform output:\"\n\n# Copy wp-config.php file to wordpress directory\nsudo cp ./wp-config-sample.php ./wp-config.php\nsudo sed -i \"s/'database_name_here'/'$DBName'/g\" wp-config.php\nsudo sed -i \"s/'username_here'/'$DBUser'/g\" wp-config.php\nsudo sed -i \"s/'password_here'/'$DBPassword'/g\" wp-config.php\nsudo sed -i \"s/'localhost'/'$RDS_ENDPOINT'/g\" wp-config.php\n\nsudo mysql -h \"$RDS_ENDPOINT\" -u \"$DBUser\" -p\"$DBPassword\" \"$DBName\" -e \"SHOW DATABASES;\"\n\n#Install PHP Extensions\nsudo amazon-linux-extras enable php7.4\nsudo yum clean metadata\nsudo yum install -y php-cli php-pdo php-fpm php-json php-mysqlnd\nsudo echo \"\u003c?php define('FS_METHOD', 'direct'); ?\u003e\" \u003e\u003e /var/www/html/wp-config.php\n\n\n# Restart Apache\nsudo systemctl restart httpd","vars":{"rds_password":"rootpassword#123","rds_username":"faraifara"}},"after_unknown":{"id":true,"rendered":true,"vars":{"rds_db_name":true,"rds_endpoint":true}},"before_sensitive":false,"after_sensitive":{"vars":{"rds_password":true}}},"action_reason":"read_because_config_unknown"},{"address":"aws_autoscaling_attachment.name","mode":"managed","type":"aws_autoscaling_attachment","name":"name","provider_name":"registry.terraform.io/hashicorp/aws","change":{"actions":["create"],"before":null,"after":{"elb":null},"after_unknown":{"autoscaling_group_name":true,"id":true,"lb_target_group_arn":true},"before_sensitive":false,"after_sensitive":{}}},{"address":"aws_autoscaling_group.wordpress_autoscaling_group","mode":"managed","type":"aws_autoscaling_group","name":"wordpress_autoscaling_group","provider_name":"registry.terraform.io/hashicorp/aws","change":{"actions":["create"],"before":null,"after":{"capacity_rebalance":null,"context":null,"default_instance_warmup":null,"desired_capacity":2,"desired_capacity_type":null,"enabled_metrics":null,"force_delete":false,"force_delete_warm_pool":false,"health_check_grace_period":300,"health_check_type":"ELB","ignore_failed_scaling_activities":false,"initial_lifecycle_hook":[],"instance_maintenance_policy":[],"instance_refresh":[],"launch_configuration":null,"launch_template":[{"version":"$Latest"}],"max_instance_lifetime":null,"max_size":4,"metrics_granularity":"1Minute","min_elb_capacity":null,"min_size":1,"name":"wordpress-asg","placement_group":null,"protect_from_scale_in":false,"suspended_processes":null,"tag":[{"key":"Name","propagate_at_launch":true,"value":"Wordpress_Instance_AS16-7-24-"}],"termination_policies":null,"timeouts":null,"wait_for_capacity_timeout":"10m","wait_for_elb_capacity":null,"warm_pool":[]},"after_unknown":{"arn":true,"availability_zones":true,"default_cooldown":true,"id":true,"initial_lifecycle_hook":[],"instance_maintenance_policy":[],"instance_refresh":[],"launch_template":[{"id":true,"name":true}],"load_balancers":true,"mixed_instances_policy":true,"name_prefix":true,"predicted_capacity":true,"service_linked_role_arn":true,"tag":[{}],"target_group_arns":true,"traffic_source":true,"vpc_zone_identifier":true,"warm_pool":[],"warm_pool_size":true},"before_sensitive":false,"after_sensitive":{"availability_zones":[],"initial_lifecycle_hook":[],"instance_maintenance_policy":[],"instance_refresh":[],"launch_template":[{}],"load_balancers":[],"mixed_instances_policy":[],"tag":[{}],"target_group_arns":[],"traffic_source":[],"vpc_zone_identifier":[],"warm_pool":[]}}},{"address":"aws_autoscaling_policy.scale_out","mode":"managed","type":"aws_autoscaling_policy","name":"scale_out","provider_name":"registry.terraform.io/hashicorp/aws","change":{"actions":["create"],"before":null,"after":{"adjustment_type":"ChangeInCapacity","autoscaling_group_name":"wordpress-asg","cooldown":null,"enabled":true,"estimated_instance_warmup":null,"min_adjustment_magnitude":null,"name":"scale_out","policy_type":"TargetTrackingScaling","predictive_scaling_configuration":[],"scaling_adjustment":null,"step_adjustment":[],"target_tracking_configuration":[{"customized_metric_specification":[],"disable_scale_in":false,"predefined_metric_specification":[{"predefined_metric_type":"ASGAverageCPUUtilization","resource_label":null}],"target_value":80}]},"after_unknown":{"arn":true,"id":true,"metric_aggregation_type":true,"predictive_scaling_configuration":[],"step_adjustment":[],"target_tracking_configuration":[{"customized_metric_specification":[],"predefined_metric_specification":[{}]}]},"before_sensitive":false,"after_sensitive":{"predictive_scaling_configuration":[],"step_adjustment":[],"target_tracking_configuration":[{"customized_metric_specification":[],"predefined_metric_specification":[{}]}]}}},{"address":"aws_cloudtrail.trail","mode":"managed","type":"aws_cloudtrail","name":"trail","provider_name":"registry.terraform.io/hashicorp/aws","change":{"actions":["create"],"before":null,"after":{"advanced_event_selector":[],"cloud_watch_logs_group_arn":null,"cloud_watch_logs_role_arn":null,"enable_log_file_validation":true,"enable_logging":true,"event_selector":[],"include_global_service_events":true,"insight_selector":[],"is_multi_region_trail":false,"is_organization_trail":false,"kms_key_id":null,"name":"cloudtrail","s3_bucket_name":"s3-bucket-2024-04-12-2973","s3_key_prefix":null,"sns_topic_name":null,"tags":null},"after_unknown":{"advanced_event_selector":[],"arn":true,"event_selector":[],"home_region":true,"id":true,"insight_selector":[],"tags_all":true},"before_sensitive":false,"after_sensitive":{"advanced_event_selector":[],"event_selector":[],"insight_selector":[],"tags_all":{}}}},{"address":"aws_cloudwatch_metric_alarm.cpu_utilization_alarm","mode":"managed","type":"aws_cloudwatch_metric_alarm","name":"cpu_utilization_alarm","provider_name":"registry.terraform.io/hashicorp/aws","change":{"actions":["create"],"before":null,"after":{"actions_enabled":true,"alarm_description":"Alarm when CPU utilization is less than or equal to 80%","alarm_name":"stress_on_ec2","comparison_operator":"GreaterThanOrEqualToThreshold","datapoints_to_alarm":null,"evaluation_periods":1,"extended_statistic":null,"insufficient_data_actions":null,"metric_name":"CPUUtilization","metric_query":[],"namespace":"AWS/EC2","ok_actions":null,"period":300,"statistic":"Average","tags":null,"threshold":80,"threshold_metric_id":null,"treat_missing_data":"missing","unit":null},"after_unknown":{"alarm_actions":true,"arn":true,"dimensions":true,"evaluate_low_sample_count_percentiles":true,"id":true,"metric_query":[],"tags_all":true},"before_sensitive":false,"after_sensitive":{"alarm_actions":[],"dimensions":{},"metric_query":[],"tags_all":{}}}},{"address":"aws_db_instance.mysql","mode":"managed","type":"aws_db_instance","name":"mysql","provider_name":"registry.terraform.io/hashicorp/aws","change":{"actions":["create"],"before":null,"after":{"allocated_storage":10,"allow_major_version_upgrade":null,"apply_immediately":false,"auto_minor_version_upgrade":true,"blue_green_update":[],"copy_tags_to_snapshot":false,"custom_iam_instance_profile":null,"customer_owned_ip_enabled":null,"db_name":"wordpressDb","db_subnet_group_name":"private_group","dedicated_log_volume":false,"delete_automated_backups":true,"deletion_protection":null,"domain":null,"domain_auth_secret_arn":null,"domain_dns_ips":null,"domain_iam_role_name":null,"domain_ou":null,"enabled_cloudwatch_logs_exports":null,"engine":"mysql","engine_version":"8.0.35","final_snapshot_identifier":null,"iam_database_authentication_enabled":null,"identifier":"rds-db","instance_class":"db.t3.micro","manage_master_user_password":null,"max_allocated_storage":null,"monitoring_interval":0,"multi_az":false,"password":"rootpassword#123","performance_insights_enabled":false,"publicly_accessible":false,"replicate_source_db":null,"restore_to_point_in_time":[],"s3_import":[],"skip_final_snapshot":true,"storage_encrypted":false,"tags":{"Name":"rds_db 16-7-24"},"tags_all":{"Name":"rds_db 16-7-24"},"timeouts":null,"username":"faraifara"},"after_unknown":{"address":true,"arn":true,"availability_zone":true,"backup_retention_period":true,"backup_target":true,"backup_window":true,"blue_green_update":[],"ca_cert_identifier":true,"character_set_name":true,"domain_fqdn":true,"endpoint":true,"engine_version_actual":true,"hosted_zone_id":true,"id":true,"identifier_prefix":true,"iops":true,"kms_key_id":true,"latest_restorable_time":true,"license_model":true,"listener_endpoint":true,"maintenance_window":true,"master_user_secret":true,"master_user_secret_kms_key_id":true,"monitoring_role_arn":true,"nchar_character_set_name":true,"network_type":true,"option_group_name":true,"parameter_group_name":true,"performance_insights_kms_key_id":true,"performance_insights_retention_period":true,"port":true,"replica_mode":true,"replicas":true,"resource_id":true,"restore_to_point_in_time":[],"s3_import":[],"snapshot_identifier":true,"status":true,"storage_throughput":true,"storage_type":true,"tags":{},"tags_all":{},"timezone":true,"vpc_security_group_ids":true},"before_sensitive":false,"after_sensitive":{"blue_green_update":[],"listener_endpoint":[],"master_user_secret":[],"password":true,"replicas":[],"restore_to_point_in_time":[],"s3_import":[],"tags":{},"tags_all":{},"vpc_security_group_ids":[]}}},{"address":"aws_db_subnet_group.private","mode":"managed","type":"aws_db_subnet_group","name":"private","provider_name":"registry.terraform.io/hashicorp/aws","change":{"actions":["create"],"before":null,"after":{"description":"Managed by Terraform","name":"private_group","tags":{"Name":"Private_Group 16-7-24"},"tags_all":{"Name":"Private_Group 16-7-24"}},"after_unknown":{"arn":true,"id":true,"name_prefix":true,"subnet_ids":true,"supported_network_types":true,"tags":{},"tags_all":{},"vpc_id":true},"before_sensitive":false,"after_sensitive":{"subnet_ids":[],"supported_network_types":[],"tags":{},"tags_all":{}}}},{"address":"aws_instance.wordpress_instance","mode":"managed","type":"aws_instance","name":"wordpress_instance","provider_name":"registry.terraform.io/hashicorp/aws","change":{"actions":["create"],"before":null,"after":{"ami":"ami-03789dbbf779d9790","associate_public_ip_address":true,"availability_zone":"us-west-2a","credit_specification":[],"get_password_data":false,"hibernation":null,"instance_type":"t2.micro","key_name":"vockey","launch_template":[],"source_dest_check":true,"tags":{"Name":"WordPress Instance 16-7-24"},"tags_all":{"Name":"WordPress Instance 16-7-24"},"timeouts":null,"user_data_replace_on_change":false,"volume_tags":null},"after_unknown":{"arn":true,"capacity_reservation_specification":true,"cpu_core_count":true,"cpu_options":true,"cpu_threads_per_core":true,"credit_specification":[],"disable_api_stop":true,"disable_api_termination":true,"ebs_block_device":true,"ebs_optimized":true,"enclave_options":true,"ephemeral_block_device":true,"host_id":true,"host_resource_group_arn":true,"iam_instance_profile":true,"id":true,"instance_initiated_shutdown_behavior":true,"instance_lifecycle":true,"instance_market_options":true,"instance_state":true,"ipv6_address_count":true,"ipv6_addresses":true,"launch_template":[],"maintenance_options":true,"metadata_options":true,"monitoring":true,"network_interface":true,"outpost_arn":true,"password_data":true,"placement_group":true,"placement_partition_number":true,"primary_network_interface_id":true,"private_dns":true,"private_dns_name_options":true,"private_ip":true,"public_dns":true,"public_ip":true,"root_block_device":true,"secondary_private_ips":true,"security_groups":true,"spot_instance_request_id":true,"subnet_id":true,"tags":{},"tags_all":{},"tenancy":true,"user_data":true,"user_data_base64":true,"vpc_security_group_ids":true},"before_sensitive":false,"after_sensitive":{"capacity_reservation_specification":[],"cpu_options":[],"credit_specification":[],"ebs_block_device":[],"enclave_options":[],"ephemeral_block_device":[],"instance_market_options":[],"ipv6_addresses":[],"launch_template":[],"maintenance_options":[],"metadata_options":[],"network_interface":[],"private_dns_name_options":[],"root_block_device":[],"secondary_private_ips":[],"security_groups":[],"tags":{},"tags_all":{},"vpc_security_group_ids":[]}}},{"address":"aws_internet_gateway.igw","mode":"managed","type":"aws_internet_gateway","name":"igw","provider_name":"registry.terraform.io/hashicorp/aws","change":{"actions":["create"],"before":null,"after":{"tags":{"Name":"igw 16-7-24"},"tags_all":{"Name":"igw 16-7-24"},"timeouts":null},"after_unknown":{"arn":true,"id":true,"owner_id":true,"tags":{},"tags_all":{},"vpc_id":true},"before_sensitive":false,"after_sensitive":{"tags":{},"tags_all":{}}}},{"address":"aws_launch_configuration.scaling_launch_config","mode":"managed","type":"aws_launch_configuration","name":"scaling_launch_config","provider_name":"registry.terraform.io/hashicorp/aws","change":{"actions":["create"],"before":null,"after":{"enable_monitoring":true,"ephemeral_block_device":[],"iam_instance_profile":null,"image_id":"ami-03789dbbf779d9790","instance_type":"t2.micro","key_name":"vockey","placement_tenancy":null,"spot_price":null,"user_data":null,"user_data_base64":null},"after_unknown":{"arn":true,"associate_public_ip_address":true,"ebs_block_device":true,"ebs_optimized":true,"ephemeral_block_device":[],"id":true,"metadata_options":true,"name":true,"name_prefix":true,"root_block_device":true,"security_groups":true},"before_sensitive":false,"after_sensitive":{"ebs_block_device":[],"ephemeral_block_device":[],"metadata_options":[],"root_block_device":[],"security_groups":[]}}},{"address":"aws_launch_template.scaling_launch_template","mode":"managed","type":"aws_launch_template","name":"scaling_launch_template","provider_name":"registry.terraform.io/hashicorp/aws","change":{"actions":["create"],"before":null,"after":{"block_device_mappings":[],"capacity_reservation_specification":[],"cpu_options":[],"credit_specification":[],"description":null,"disable_api_stop":null,"disable_api_termination":null,"ebs_optimized":null,"elastic_gpu_specifications":[],"elastic_inference_accelerator":[],"enclave_options":[],"hibernation_options":[],"iam_instance_profile":[],"image_id":"ami-03789dbbf779d9790","instance_initiated_shutdown_behavior":null,"instance_market_options":[],"instance_requirements":[],"instance_type":"t2.micro","kernel_id":null,"key_name":"vockey","license_specification":[],"maintenance_options":[],"monitoring":[],"name_prefix":"scaling_launch_template","network_interfaces":[],"placement":[],"private_dns_name_options":[],"ram_disk_id":null,"security_group_names":null,"tag_specifications":[{"resource_type":"instance","tags":{"Name":"WordPress Instance AS"}}],"tags":null,"update_default_version":null},"after_unknown":{"arn":true,"block_device_mappings":[],"capacity_reservation_specification":[],"cpu_options":[],"credit_specification":[],"default_version":true,"elastic_gpu_specifications":[],"elastic_inference_accelerator":[],"enclave_options":[],"hibernation_options":[],"iam_instance_profile":[],"id":true,"instance_market_options":[],"instance_requirements":[],"latest_version":true,"license_specification":[],"maintenance_options":[],"metadata_options":true,"monitoring":[],"name":true,"network_interfaces":[],"placement":[],"private_dns_name_options":[],"tag_specifications":[{"tags":{}}],"tags_all":true,"user_data":true,"vpc_security_group_ids":true},"before_sensitive":false,"after_sensitive":{"block_device_mappings":[],"capacity_reservation_specification":[],"cpu_options":[],"credit_specification":[],"elastic_gpu_specifications":[],"elastic_inference_accelerator":[],"enclave_options":[],"hibernation_options":[],"iam_instance_profile":[],"instance_market_options":[],"instance_requirements":[],"license_specification":[],"maintenance_options":[],"metadata_options":[],"monitoring":[],"network_interfaces":[],"placement":[],"private_dns_name_options":[],"tag_specifications":[{"tags":{}}],"tags_all":{},"vpc_security_group_ids":[]}}},{"address":"aws_lb.wordpress_alb","mode":"managed","type":"aws_lb","name":"wordpress_alb","provider_name":"registry.terraform.io/hashicorp/aws","change":{"actions":["create"],"before":null,"after":{"access_logs":[],"client_keep_alive":3600,"connection_logs":[],"customer_owned_ipv4_pool":null,"desync_mitigation_mode":"defensive","dns_record_client_routing_policy":null,"drop_invalid_header_fields":false,"enable_cross_zone_load_balancing":null,"enable_deletion_protection":false,"enable_http2":true,"enable_tls_version_and_cipher_suite_headers":false,"enable_waf_fail_open":false,"enable_xff_client_port":false,"idle_timeout":60,"internal":false,"load_balancer_type":"application","name":"wordpress-alb","preserve_host_header":false,"tags":{"Name":"wordpress_alb 16-7-24"},"tags_all":{"Name":"wordpress_alb 16-7-24"},"timeouts":null,"xff_header_processing_mode":"append"},"after_unknown":{"access_logs":[],"arn":true,"arn_suffix":true,"connection_logs":[],"dns_name":true,"enforce_security_group_inbound_rules_on_private_link_traffic":true,"id":true,"ip_address_type":true,"name_prefix":true,"security_groups":true,"subnet_mapping":true,"subnets":true,"tags":{},"tags_all":{},"vpc_id":true,"zone_id":true},"before_sensitive":false,"after_sensitive":{"access_logs":[],"connection_logs":[],"security_groups":[],"subnet_mapping":[],"subnets":[],"tags":{},"tags_all":{}}}},{"address":"aws_lb_listener.wordpress_listener","mode":"managed","type":"aws_lb_listener","name":"wordpress_listener","provider_name":"registry.terraform.io/hashicorp/aws","change":{"actions":["create"],"before":null,"after":{"alpn_policy":null,"certificate_arn":null,"default_action":[{"authenticate_cognito":[],"authenticate_oidc":[],"fixed_response":[],"forward":[],"redirect":[],"type":"forward"}],"port":80,"protocol":"HTTP","tags":null,"timeouts":null},"after_unknown":{"arn":true,"default_action":[{"authenticate_cognito":[],"authenticate_oidc":[],"fixed_response":[],"forward":[],"order":true,"redirect":[],"target_group_arn":true}],"id":true,"load_balancer_arn":true,"mutual_authentication":true,"ssl_policy":true,"tags_all":true},"before_sensitive":false,"after_sensitive":{"default_action":[{"authenticate_cognito":[],"authenticate_oidc":[],"fixed_response":[],"forward":[],"redirect":[]}],"mutual_authentication":[],"tags_all":{}}}},{"address":"aws_lb_target_group.Wordpress_target_group","mode":"managed","type":"aws_lb_target_group","name":"Wordpress_target_group","provider_name":"registry.terraform.io/hashicorp/aws","change":{"actions":["create"],"before":null,"after":{"deregistration_delay":"300","lambda_multi_value_headers_enabled":false,"name":"wordpress-target-group","port":80,"protocol":"HTTP","proxy_protocol_v2":false,"slow_start":0,"tags":{"Name":"wordpress-target-group 16-7-24"},"tags_all":{"Name":"wordpress-target-group 16-7-24"},"target_type":"instance"},"after_unknown":{"arn":true,"arn_suffix":true,"connection_termination":true,"health_check":true,"id":true,"ip_address_type":true,"load_balancer_arns":true,"load_balancing_algorithm_type":true,"load_balancing_anomaly_mitigation":true,"load_balancing_cross_zone_enabled":true,"name_prefix":true,"preserve_client_ip":true,"protocol_version":true,"stickiness":true,"tags":{},"tags_all":{},"target_failover":true,"target_health_state":true,"vpc_id":true},"before_sensitive":false,"after_sensitive":{"health_check":[],"load_balancer_arns":[],"stickiness":[],"tags":{},"tags_all":{},"target_failover":[],"target_health_state":[]}}},{"address":"aws_lb_target_group_attachment.wordpress_target_group_attachment","mode":"managed","type":"aws_lb_target_group_attachment","name":"wordpress_target_group_attachment","provider_name":"registry.terraform.io/hashicorp/aws","change":{"actions":["create"],"before":null,"after":{"availability_zone":null,"port":80},"after_unknown":{"id":true,"target_group_arn":true,"target_id":true},"before_sensitive":false,"after_sensitive":{}}},{"address":"aws_route_table.private[0]","mode":"managed","type":"aws_route_table","name":"private","index":0,"provider_name":"registry.terraform.io/hashicorp/aws","change":{"actions":["create"],"before":null,"after":{"tags":{"Name":"Private_Route_Table 16-7-24_1"},"tags_all":{"Name":"Private_Route_Table 16-7-24_1"},"timeouts":null},"after_unknown":{"arn":true,"id":true,"owner_id":true,"propagating_vgws":true,"route":true,"tags":{},"tags_all":{},"vpc_id":true},"before_sensitive":false,"after_sensitive":{"propagating_vgws":[],"route":[],"tags":{},"tags_all":{}}}},{"address":"aws_route_table.private[1]","mode":"managed","type":"aws_route_table","name":"private","index":1,"provider_name":"registry.terraform.io/hashicorp/aws","change":{"actions":["create"],"before":null,"after":{"tags":{"Name":"Private_Route_Table 16-7-24_2"},"tags_all":{"Name":"Private_Route_Table 16-7-24_2"},"timeouts":null},"after_unknown":{"arn":true,"id":true,"owner_id":true,"propagating_vgws":true,"route":true,"tags":{},"tags_all":{},"vpc_id":true},"before_sensitive":false,"after_sensitive":{"propagating_vgws":[],"route":[],"tags":{},"tags_all":{}}}},{"address":"aws_route_table.public","mode":"managed","type":"aws_route_table","name":"public","provider_name":"registry.terraform.io/hashicorp/aws","change":{"actions":["create"],"before":null,"after":{"route":[{"carrier_gateway_id":"","cidr_block":"0.0.0.0/0","core_network_arn":"","destination_prefix_list_id":"","egress_only_gateway_id":"","ipv6_cidr_block":"","local_gateway_id":"","nat_gateway_id":"","network_interface_id":"","transit_gateway_id":"","vpc_endpoint_id":"","vpc_peering_connection_id":""}],"tags":{"Name":"Public_Route_Table 16-7-24"},"tags_all":{"Name":"Public_Route_Table 16-7-24"},"timeouts":null},"after_unknown":{"arn":true,"id":true,"owner_id":true,"propagating_vgws":true,"route":[{"gateway_id":true}],"tags":{},"tags_all":{},"vpc_id":true},"before_sensitive":false,"after_sensitive":{"propagating_vgws":[],"route":[{}],"tags":{},"tags_all":{}}}},{"address":"aws_route_table_association.private_assoc[0]","mode":"managed","type":"aws_route_table_association","name":"private_assoc","index":0,"provider_name":"registry.terraform.io/hashicorp/aws","change":{"actions":["create"],"before":null,"after":{"gateway_id":null,"timeouts":null},"after_unknown":{"id":true,"route_table_id":true,"subnet_id":true},"before_sensitive":false,"after_sensitive":{}}},{"address":"aws_route_table_association.private_assoc[1]","mode":"managed","type":"aws_route_table_association","name":"private_assoc","index":1,"provider_name":"registry.terraform.io/hashicorp/aws","change":{"actions":["create"],"before":null,"after":{"gateway_id":null,"timeouts":null},"after_unknown":{"id":true,"route_table_id":true,"subnet_id":true},"before_sensitive":false,"after_sensitive":{}}},{"address":"aws_route_table_association.public_assoc[0]","mode":"managed","type":"aws_route_table_association","name":"public_assoc","index":0,"provider_name":"registry.terraform.io/hashicorp/aws","change":{"actions":["create"],"before":null,"after":{"gateway_id":null,"timeouts":null},"after_unknown":{"id":true,"route_table_id":true,"subnet_id":true},"before_sensitive":false,"after_sensitive":{}}},{"address":"aws_route_table_association.public_assoc[1]","mode":"managed","type":"aws_route_table_association","name":"public_assoc","index":1,"provider_name":"registry.terraform.io/hashicorp/aws","change":{"actions":["create"],"before":null,"after":{"gateway_id":null,"timeouts":null},"after_unknown":{"id":true,"route_table_id":true,"subnet_id":true},"before_sensitive":false,"after_sensitive":{}}},{"address":"aws_s3_bucket.wordpress","mode":"managed","type":"aws_s3_bucket","name":"wordpress","provider_name":"registry.terraform.io/hashicorp/aws","change":{"actions":["create"],"before":null,"after":{"bucket":"s3-bucket-16-7-24-16-7-24-2973","force_destroy":false,"tags":{"Name":"s3-bucket-16-7-24_16-7-24"},"tags_all":{"Name":"s3-bucket-16-7-24_16-7-24"},"timeouts":null},"after_unknown":{"acceleration_status":true,"acl":true,"arn":true,"bucket_domain_name":true,"bucket_prefix":true,"bucket_regional_domain_name":true,"cors_rule":true,"grant":true,"hosted_zone_id":true,"id":true,"lifecycle_rule":true,"logging":true,"object_lock_configuration":true,"object_lock_enabled":true,"policy":true,"region":true,"replication_configuration":true,"request_payer":true,"server_side_encryption_configuration":true,"tags":{},"tags_all":{},"versioning":true,"website":true,"website_domain":true,"website_endpoint":true},"before_sensitive":false,"after_sensitive":{"cors_rule":[],"grant":[],"lifecycle_rule":[],"logging":[],"object_lock_configuration":[],"replication_configuration":[],"server_side_encryption_configuration":[],"tags":{},"tags_all":{},"versioning":[],"website":[]}}},{"address":"aws_s3_bucket_policy.cloudtrail_bucket_policy","mode":"managed","type":"aws_s3_bucket_policy","name":"cloudtrail_bucket_policy","provider_name":"registry.terraform.io/hashicorp/aws","change":{"actions":["create"],"before":null,"after":{"bucket":"s3-bucket-2024-04-12-2973"},"after_unknown":{"id":true,"policy":true},"before_sensitive":false,"after_sensitive":{}}},{"address":"aws_s3_bucket_versioning.versioningS3","mode":"managed","type":"aws_s3_bucket_versioning","name":"versioningS3","provider_name":"registry.terraform.io/hashicorp/aws","change":{"actions":["create"],"before":null,"after":{"expected_bucket_owner":null,"mfa":null,"versioning_configuration":[{"status":"Enabled"}]},"after_unknown":{"bucket":true,"id":true,"versioning_configuration":[{"mfa_delete":true}]},"before_sensitive":false,"after_sensitive":{"versioning_configuration":[{}]}}},{"address":"aws_security_group.rds_mysql","mode":"managed","type":"aws_security_group","name":"rds_mysql","provider_name":"registry.terraform.io/hashicorp/aws","change":{"actions":["create"],"before":null,"after":{"description":"Security group for RDS database","egress":[{"cidr_blocks":["0.0.0.0/0"],"description":"","from_port":0,"ipv6_cidr_blocks":[],"prefix_list_ids":[],"protocol":"-1","security_groups":[],"self":false,"to_port":0}],"ingress":[{"cidr_blocks":["0.0.0.0/0"],"description":"","from_port":3306,"ipv6_cidr_blocks":[],"prefix_list_ids":[],"protocol":"tcp","security_groups":[],"self":false,"to_port":3306}],"name":"rds_mysql_sg","revoke_rules_on_delete":false,"tags":{"Name":"rds_mysql 16-7-24"},"tags_all":{"Name":"rds_mysql 16-7-24"},"timeouts":null},"after_unknown":{"arn":true,"egress":[{"cidr_blocks":[false],"ipv6_cidr_blocks":[],"prefix_list_ids":[],"security_groups":[]}],"id":true,"ingress":[{"cidr_blocks":[false],"ipv6_cidr_blocks":[],"prefix_list_ids":[],"security_groups":[]}],"name_prefix":true,"owner_id":true,"tags":{},"tags_all":{},"vpc_id":true},"before_sensitive":false,"after_sensitive":{"egress":[{"cidr_blocks":[false],"ipv6_cidr_blocks":[],"prefix_list_ids":[],"security_groups":[]}],"ingress":[{"cidr_blocks":[false],"ipv6_cidr_blocks":[],"prefix_list_ids":[],"security_groups":[]}],"tags":{},"tags_all":{}}}},{"address":"aws_security_group.wordpress_sg","mode":"managed","type":"aws_security_group","name":"wordpress_sg","provider_name":"registry.terraform.io/hashicorp/aws","change":{"actions":["create"],"before":null,"after":{"description":"Security group for WordPress instance","egress":[{"cidr_blocks":["0.0.0.0/0"],"description":"All traffic","from_port":0,"ipv6_cidr_blocks":[],"prefix_list_ids":[],"protocol":"-1","security_groups":[],"self":false,"to_port":0}],"ingress":[{"cidr_blocks":["0.0.0.0/0"],"description":"HTTP","from_port":80,"ipv6_cidr_blocks":[],"prefix_list_ids":[],"protocol":"tcp","security_groups":[],"self":false,"to_port":80},{"cidr_blocks":["0.0.0.0/0"],"description":"SSH","from_port":22,"ipv6_cidr_blocks":[],"prefix_list_ids":[],"protocol":"tcp","security_groups":[],"self":false,"to_port":22}],"name":"wordpress_sg","revoke_rules_on_delete":false,"tags":{"Name":"wordpress_sg 16-7-24"},"tags_all":{"Name":"wordpress_sg 16-7-24"},"timeouts":null},"after_unknown":{"arn":true,"egress":[{"cidr_blocks":[false],"ipv6_cidr_blocks":[],"prefix_list_ids":[],"security_groups":[]}],"id":true,"ingress":[{"cidr_blocks":[false],"ipv6_cidr_blocks":[],"prefix_list_ids":[],"security_groups":[]},{"cidr_blocks":[false],"ipv6_cidr_blocks":[],"prefix_list_ids":[],"security_groups":[]}],"name_prefix":true,"owner_id":true,"tags":{},"tags_all":{},"vpc_id":true},"before_sensitive":false,"after_sensitive":{"egress":[{"cidr_blocks":[false],"ipv6_cidr_blocks":[],"prefix_list_ids":[],"security_groups":[]}],"ingress":[{"cidr_blocks":[false],"ipv6_cidr_blocks":[],"prefix_list_ids":[],"security_groups":[]},{"cidr_blocks":[false],"ipv6_cidr_blocks":[],"prefix_list_ids":[],"security_groups":[]}],"tags":{},"tags_all":{}}}},{"address":"aws_sns_topic.sns_topic","mode":"managed","type":"aws_sns_topic","name":"sns_topic","provider_name":"registry.terraform.io/hashicorp/aws","change":{"actions":["create"],"before":null,"after":{"application_failure_feedback_role_arn":null,"application_success_feedback_role_arn":null,"application_success_feedback_sample_rate":null,"archive_policy":null,"content_based_deduplication":false,"delivery_policy":null,"display_name":null,"fifo_topic":false,"firehose_failure_feedback_role_arn":null,"firehose_success_feedback_role_arn":null,"firehose_success_feedback_sample_rate":null,"http_failure_feedback_role_arn":null,"http_success_feedback_role_arn":null,"http_success_feedback_sample_rate":null,"kms_master_key_id":null,"lambda_failure_feedback_role_arn":null,"lambda_success_feedback_role_arn":null,"lambda_success_feedback_sample_rate":null,"name":"sns_topic","sqs_failure_feedback_role_arn":null,"sqs_success_feedback_role_arn":null,"sqs_success_feedback_sample_rate":null,"tags":null},"after_unknown":{"arn":true,"beginning_archive_time":true,"id":true,"name_prefix":true,"owner":true,"policy":true,"signature_version":true,"tags_all":true,"tracing_config":true},"before_sensitive":false,"after_sensitive":{"tags_all":{}}}},{"address":"aws_sns_topic_subscription.email_subscription","mode":"managed","type":"aws_sns_topic_subscription","name":"email_subscription","provider_name":"registry.terraform.io/hashicorp/aws","change":{"actions":["delete","create"],"before":{"arn":"arn:aws:sns:us-west-2:992382653845:sns_topic:0caa441b-eb23-44b8-b2ae-50b4ee488eac","confirmation_timeout_in_minutes":1,"confirmation_was_authenticated":false,"delivery_policy":"","endpoint":"faraifarouk@gmail.com","endpoint_auto_confirms":true,"filter_policy":"","filter_policy_scope":"","id":"arn:aws:sns:us-west-2:992382653845:sns_topic:0caa441b-eb23-44b8-b2ae-50b4ee488eac","owner_id":"992382653845","pending_confirmation":true,"protocol":"email","raw_message_delivery":false,"redrive_policy":"","replay_policy":"","subscription_role_arn":"","topic_arn":"arn:aws:sns:us-west-2:992382653845:sns_topic"},"after":{"confirmation_timeout_in_minutes":1,"delivery_policy":null,"endpoint":"faraifarouk@gmail.com","endpoint_auto_confirms":true,"filter_policy":null,"protocol":"email","raw_message_delivery":false,"redrive_policy":null,"replay_policy":null,"subscription_role_arn":null},"after_unknown":{"arn":true,"confirmation_was_authenticated":true,"filter_policy_scope":true,"id":true,"owner_id":true,"pending_confirmation":true,"topic_arn":true},"before_sensitive":{},"after_sensitive":{},"replace_paths":[["topic_arn"]]},"action_reason":"replace_because_cannot_update"},{"address":"aws_subnet.private[0]","mode":"managed","type":"aws_subnet","name":"private","index":0,"provider_name":"registry.terraform.io/hashicorp/aws","change":{"actions":["create"],"before":null,"after":{"assign_ipv6_address_on_creation":false,"availability_zone":"us-west-2a","cidr_block":"10.0.0.128/26","customer_owned_ipv4_pool":null,"enable_dns64":false,"enable_lni_at_device_index":null,"enable_resource_name_dns_a_record_on_launch":false,"enable_resource_name_dns_aaaa_record_on_launch":false,"ipv6_cidr_block":null,"ipv6_native":false,"map_customer_owned_ip_on_launch":null,"map_public_ip_on_launch":false,"outpost_arn":null,"tags":{"Name":"Private_Subnet 16-7-24_1"},"tags_all":{"Name":"Private_Subnet 16-7-24_1"},"timeouts":null},"after_unknown":{"arn":true,"availability_zone_id":true,"id":true,"ipv6_cidr_block_association_id":true,"owner_id":true,"private_dns_hostname_type_on_launch":true,"tags":{},"tags_all":{},"vpc_id":true},"before_sensitive":false,"after_sensitive":{"tags":{},"tags_all":{}}}},{"address":"aws_subnet.private[1]","mode":"managed","type":"aws_subnet","name":"private","index":1,"provider_name":"registry.terraform.io/hashicorp/aws","change":{"actions":["create"],"before":null,"after":{"assign_ipv6_address_on_creation":false,"availability_zone":"us-west-2b","cidr_block":"10.0.0.192/26","customer_owned_ipv4_pool":null,"enable_dns64":false,"enable_lni_at_device_index":null,"enable_resource_name_dns_a_record_on_launch":false,"enable_resource_name_dns_aaaa_record_on_launch":false,"ipv6_cidr_block":null,"ipv6_native":false,"map_customer_owned_ip_on_launch":null,"map_public_ip_on_launch":false,"outpost_arn":null,"tags":{"Name":"Private_Subnet 16-7-24_2"},"tags_all":{"Name":"Private_Subnet 16-7-24_2"},"timeouts":null},"after_unknown":{"arn":true,"availability_zone_id":true,"id":true,"ipv6_cidr_block_association_id":true,"owner_id":true,"private_dns_hostname_type_on_launch":true,"tags":{},"tags_all":{},"vpc_id":true},"before_sensitive":false,"after_sensitive":{"tags":{},"tags_all":{}}}},{"address":"aws_subnet.public[0]","mode":"managed","type":"aws_subnet","name":"public","index":0,"provider_name":"registry.terraform.io/hashicorp/aws","change":{"actions":["create"],"before":null,"after":{"assign_ipv6_address_on_creation":false,"availability_zone":"us-west-2a","cidr_block":"10.0.0.0/26","customer_owned_ipv4_pool":null,"enable_dns64":false,"enable_lni_at_device_index":null,"enable_resource_name_dns_a_record_on_launch":false,"enable_resource_name_dns_aaaa_record_on_launch":false,"ipv6_cidr_block":null,"ipv6_native":false,"map_customer_owned_ip_on_launch":null,"map_public_ip_on_launch":true,"outpost_arn":null,"tags":{"Name":"Public_Subnet 16-7-24_1"},"tags_all":{"Name":"Public_Subnet 16-7-24_1"},"timeouts":null},"after_unknown":{"arn":true,"availability_zone_id":true,"id":true,"ipv6_cidr_block_association_id":true,"owner_id":true,"private_dns_hostname_type_on_launch":true,"tags":{},"tags_all":{},"vpc_id":true},"before_sensitive":false,"after_sensitive":{"tags":{},"tags_all":{}}}},{"address":"aws_subnet.public[1]","mode":"managed","type":"aws_subnet","name":"public","index":1,"provider_name":"registry.terraform.io/hashicorp/aws","change":{"actions":["create"],"before":null,"after":{"assign_ipv6_address_on_creation":false,"availability_zone":"us-west-2b","cidr_block":"10.0.0.64/26","customer_owned_ipv4_pool":null,"enable_dns64":false,"enable_lni_at_device_index":null,"enable_resource_name_dns_a_record_on_launch":false,"enable_resource_name_dns_aaaa_record_on_launch":false,"ipv6_cidr_block":null,"ipv6_native":false,"map_customer_owned_ip_on_launch":null,"map_public_ip_on_launch":true,"outpost_arn":null,"tags":{"Name":"Public_Subnet 16-7-24_2"},"tags_all":{"Name":"Public_Subnet 16-7-24_2"},"timeouts":null},"after_unknown":{"arn":true,"availability_zone_id":true,"id":true,"ipv6_cidr_block_association_id":true,"owner_id":true,"private_dns_hostname_type_on_launch":true,"tags":{},"tags_all":{},"vpc_id":true},"before_sensitive":false,"after_sensitive":{"tags":{},"tags_all":{}}}},{"address":"aws_vpc.vpc","mode":"managed","type":"aws_vpc","name":"vpc","provider_name":"registry.terraform.io/hashicorp/aws","change":{"actions":["create"],"before":null,"after":{"assign_generated_ipv6_cidr_block":null,"cidr_block":"10.0.0.0/24","enable_dns_hostnames":true,"enable_dns_support":true,"instance_tenancy":"default","ipv4_ipam_pool_id":null,"ipv4_netmask_length":null,"ipv6_ipam_pool_id":null,"ipv6_netmask_length":null,"tags":{"Name":"vpc 16-7-24"},"tags_all":{"Name":"vpc 16-7-24"}},"after_unknown":{"arn":true,"default_network_acl_id":true,"default_route_table_id":true,"default_security_group_id":true,"dhcp_options_id":true,"enable_network_address_usage_metrics":true,"id":true,"ipv6_association_id":true,"ipv6_cidr_block":true,"ipv6_cidr_block_network_border_group":true,"main_route_table_id":true,"owner_id":true,"tags":{},"tags_all":{}},"before_sensitive":false,"after_sensitive":{"tags":{},"tags_all":{}}}}],"output_changes":{"rds_db_name":{"actions":["update"],"before":"wordpressDb","after_unknown":true,"before_sensitive":false,"after_sensitive":false},"rds_endpoint":{"actions":["update"],"before":"rds-db.cl8cwiesyxvf.us-west-2.rds.amazonaws.com:3306","after_unknown":true,"before_sensitive":false,"after_sensitive":false},"rds_passwordword":{"actions":["no-op"],"before":"rootpassword#123","after":"rootpassword#123","after_unknown":false,"before_sensitive":true,"after_sensitive":true},"rds_username":{"actions":["no-op"],"before":"faraifara","after":"faraifara","after_unknown":false,"before_sensitive":false,"after_sensitive":false}},"prior_state":{"format_version":"1.0","terraform_version":"1.8.3","values":{"outputs":{"rds_db_name":{"sensitive":false,"value":"wordpressDb","type":"string"},"rds_endpoint":{"sensitive":false,"value":"rds-db.cl8cwiesyxvf.us-west-2.rds.amazonaws.com:3306","type":"string"},"rds_passwordword":{"sensitive":true,"value":"rootpassword#123","type":"string"},"rds_username":{"sensitive":false,"value":"faraifara","type":"string"}},"root_module":{"resources":[{"address":"data.aws_ami.amazon_linux","mode":"data","type":"aws_ami","name":"amazon_linux","provider_name":"registry.terraform.io/hashicorp/aws","schema_version":0,"values":{"architecture":"x86_64","arn":"arn:aws:ec2:us-west-2::image/ami-03789dbbf779d9790","block_device_mappings":[{"device_name":"/dev/xvda","ebs":{"delete_on_termination":"true","encrypted":"false","iops":"0","snapshot_id":"snap-076112e6be157fe63","throughput":"0","volume_size":"8","volume_type":"gp2"},"no_device":"","virtual_name":""}],"boot_mode":"","creation_date":"2024-07-10T02:09:13.000Z","deprecation_time":"2025-07-01T00:00:00.000Z","description":"Amazon Linux 2 AMI 2.0.20240709.1 x86_64 HVM gp2","ena_support":true,"executable_users":null,"filter":[{"name":"name","values":["amzn2-ami-hvm-*-x86_64-gp2"]}],"hypervisor":"xen","id":"ami-03789dbbf779d9790","image_id":"ami-03789dbbf779d9790","image_location":"amazon/amzn2-ami-hvm-2.0.20240709.1-x86_64-gp2","image_owner_alias":"amazon","image_type":"machine","imds_support":"","include_deprecated":false,"kernel_id":"","most_recent":true,"name":"amzn2-ami-hvm-2.0.20240709.1-x86_64-gp2","name_regex":null,"owner_id":"137112412989","owners":["amazon"],"platform":"","platform_details":"Linux/UNIX","product_codes":[],"public":true,"ramdisk_id":"","root_device_name":"/dev/xvda","root_device_type":"ebs","root_snapshot_id":"snap-076112e6be157fe63","sriov_net_support":"simple","state":"available","state_reason":{"code":"UNSET","message":"UNSET"},"tags":{},"timeouts":null,"tpm_support":"","usage_operation":"RunInstances","virtualization_type":"hvm"},"sensitive_values":{"block_device_mappings":[{"ebs":{}}],"filter":[{"values":[false]}],"owners":[false],"product_codes":[],"state_reason":{},"tags":{}}},{"address":"aws_sns_topic_subscription.email_subscription","mode":"managed","type":"aws_sns_topic_subscription","name":"email_subscription","provider_name":"registry.terraform.io/hashicorp/aws","schema_version":0,"values":{"arn":"arn:aws:sns:us-west-2:992382653845:sns_topic:0caa441b-eb23-44b8-b2ae-50b4ee488eac","confirmation_timeout_in_minutes":1,"confirmation_was_authenticated":false,"delivery_policy":"","endpoint":"faraifarouk@gmail.com","endpoint_auto_confirms":true,"filter_policy":"","filter_policy_scope":"","id":"arn:aws:sns:us-west-2:992382653845:sns_topic:0caa441b-eb23-44b8-b2ae-50b4ee488eac","owner_id":"992382653845","pending_confirmation":true,"protocol":"email","raw_message_delivery":false,"redrive_policy":"","replay_policy":"","subscription_role_arn":"","topic_arn":"arn:aws:sns:us-west-2:992382653845:sns_topic"},"sensitive_values":{},"depends_on":["aws_sns_topic.sns_topic"]}]}}},"configuration":{"provider_config":{"aws":{"name":"aws","full_name":"registry.terraform.io/hashicorp/aws","version_constraint":"~\u003e 5.55","expressions":{"region":{"constant_value":"us-west-2"}}},"template":{"name":"template","full_name":"registry.terraform.io/hashicorp/template"}},"root_module":{"outputs":{"rds_db_name":{"expression":{"references":["data.aws_db_instance.mysql_data.db_name","data.aws_db_instance.mysql_data"]}},"rds_endpoint":{"expression":{"references":["data.aws_db_instance.mysql_data.endpoint","data.aws_db_instance.mysql_data"]}},"rds_passwordword":{"sensitive":true,"expression":{"references":["var.rds_password"]}},"rds_username":{"expression":{"references":["var.rds_username"]}}},"resources":[{"address":"aws_autoscaling_attachment.name","mode":"managed","type":"aws_autoscaling_attachment","name":"name","provider_config_key":"aws","expressions":{"autoscaling_group_name":{"references":["aws_autoscaling_group.wordpress_autoscaling_group.id","aws_autoscaling_group.wordpress_autoscaling_group"]},"lb_target_group_arn":{"references":["aws_lb_target_group.Wordpress_target_group.arn","aws_lb_target_group.Wordpress_target_group"]}},"schema_version":0},{"address":"aws_autoscaling_group.wordpress_autoscaling_group","mode":"managed","type":"aws_autoscaling_group","name":"wordpress_autoscaling_group","provider_config_key":"aws","expressions":{"desired_capacity":{"constant_value":2},"health_check_grace_period":{"constant_value":300},"health_check_type":{"constant_value":"ELB"},"launch_template":[{"id":{"references":["aws_launch_template.scaling_launch_template.id","aws_launch_template.scaling_launch_template"]},"version":{"constant_value":"$Latest"}}],"max_size":{"constant_value":4},"min_size":{"constant_value":1},"name":{"constant_value":"wordpress-asg"},"tag":[{"key":{"constant_value":"Name"},"propagate_at_launch":{"constant_value":true},"value":{"references":["var.tagNameDate"]}}],"target_group_arns":{"references":["aws_lb_target_group.Wordpress_target_group.arn","aws_lb_target_group.Wordpress_target_group"]},"vpc_zone_identifier":{"references":["aws_subnet.public[0].id","aws_subnet.public[0]","aws_subnet.public","aws_subnet.public[1].id","aws_subnet.public[1]","aws_subnet.public"]}},"schema_version":1},{"address":"aws_autoscaling_policy.scale_out","mode":"managed","type":"aws_autoscaling_policy","name":"scale_out","provider_config_key":"aws","expressions":{"adjustment_type":{"constant_value":"ChangeInCapacity"},"autoscaling_group_name":{"references":["aws_autoscaling_group.wordpress_autoscaling_group.name","aws_autoscaling_group.wordpress_autoscaling_group"]},"name":{"constant_value":"scale_out"},"policy_type":{"constant_value":"TargetTrackingScaling"},"target_tracking_configuration":[{"predefined_metric_specification":[{"predefined_metric_type":{"constant_value":"ASGAverageCPUUtilization"}}],"target_value":{"constant_value":80}}]},"schema_version":0},{"address":"aws_cloudtrail.trail","mode":"managed","type":"aws_cloudtrail","name":"trail","provider_config_key":"aws","expressions":{"enable_log_file_validation":{"constant_value":true},"include_global_service_events":{"constant_value":true},"name":{"constant_value":"cloudtrail"},"s3_bucket_name":{"constant_value":"s3-bucket-2024-04-12-2973"}},"schema_version":1},{"address":"aws_cloudwatch_metric_alarm.cpu_utilization_alarm","mode":"managed","type":"aws_cloudwatch_metric_alarm","name":"cpu_utilization_alarm","provider_config_key":"aws","expressions":{"alarm_actions":{"references":["aws_sns_topic.sns_topic.arn","aws_sns_topic.sns_topic"]},"alarm_description":{"constant_value":"Alarm when CPU utilization is less than or equal to 80%"},"alarm_name":{"constant_value":"stress_on_ec2"},"comparison_operator":{"constant_value":"GreaterThanOrEqualToThreshold"},"dimensions":{"references":["aws_instance.wordpress_instance.id","aws_instance.wordpress_instance"]},"evaluation_periods":{"constant_value":1},"metric_name":{"constant_value":"CPUUtilization"},"namespace":{"constant_value":"AWS/EC2"},"period":{"constant_value":300},"statistic":{"constant_value":"Average"},"threshold":{"constant_value":80}},"schema_version":1},{"address":"aws_db_instance.mysql","mode":"managed","type":"aws_db_instance","name":"mysql","provider_config_key":"aws","expressions":{"allocated_storage":{"constant_value":"10"},"db_name":{"references":["var.rds_db_name"]},"db_subnet_group_name":{"references":["aws_db_subnet_group.private.name","aws_db_subnet_group.private"]},"engine":{"constant_value":"mysql"},"engine_version":{"constant_value":"8.0.35"},"identifier":{"constant_value":"rds-db"},"instance_class":{"constant_value":"db.t3.micro"},"multi_az":{"constant_value":false},"password":{"references":["var.rds_password"]},"skip_final_snapshot":{"constant_value":true},"storage_encrypted":{"constant_value":false},"tags":{"references":["var.tagNameDate"]},"username":{"references":["var.rds_username"]},"vpc_security_group_ids":{"references":["aws_security_group.rds_mysql.id","aws_security_group.rds_mysql"]}},"schema_version":2},{"address":"aws_db_subnet_group.private","mode":"managed","type":"aws_db_subnet_group","name":"private","provider_config_key":"aws","expressions":{"name":{"constant_value":"private_group"},"subnet_ids":{"references":["aws_subnet.private[0].id","aws_subnet.private[0]","aws_subnet.private","aws_subnet.private[1].id","aws_subnet.private[1]","aws_subnet.private"]},"tags":{"references":["var.tagNameDate"]}},"schema_version":0},{"address":"aws_instance.wordpress_instance","mode":"managed","type":"aws_instance","name":"wordpress_instance","provider_config_key":"aws","expressions":{"ami":{"references":["data.aws_ami.amazon_linux.id","data.aws_ami.amazon_linux"]},"associate_public_ip_address":{"constant_value":true},"availability_zone":{"references":["var.availability_zones[0]","var.availability_zones"]},"instance_type":{"references":["var.ec2_instance_type"]},"key_name":{"references":["var.key_name"]},"subnet_id":{"references":["aws_subnet.public[0].id","aws_subnet.public[0]","aws_subnet.public"]},"tags":{"references":["local.name"]},"user_data":{"references":["data.template_file.userdataEC.rendered","data.template_file.userdataEC"]},"vpc_security_group_ids":{"references":["aws_security_group.wordpress_sg.id","aws_security_group.wordpress_sg"]}},"schema_version":1},{"address":"aws_internet_gateway.igw","mode":"managed","type":"aws_internet_gateway","name":"igw","provider_config_key":"aws","expressions":{"tags":{"references":["var.tagNameDate"]},"vpc_id":{"references":["aws_vpc.vpc.id","aws_vpc.vpc"]}},"schema_version":0},{"address":"aws_launch_configuration.scaling_launch_config","mode":"managed","type":"aws_launch_configuration","name":"scaling_launch_config","provider_config_key":"aws","expressions":{"image_id":{"references":["data.aws_ami.amazon_linux.id","data.aws_ami.amazon_linux"]},"instance_type":{"references":["var.ec2_instance_type"]},"key_name":{"references":["var.key_name"]},"security_groups":{"references":["aws_security_group.wordpress_sg.id","aws_security_group.wordpress_sg"]}},"schema_version":0},{"address":"aws_launch_template.scaling_launch_template","mode":"managed","type":"aws_launch_template","name":"scaling_launch_template","provider_config_key":"aws","expressions":{"image_id":{"references":["data.aws_ami.amazon_linux.id","data.aws_ami.amazon_linux"]},"instance_type":{"references":["var.ec2_instance_type"]},"key_name":{"references":["var.key_name"]},"name_prefix":{"constant_value":"scaling_launch_template"},"tag_specifications":[{"resource_type":{"constant_value":"instance"},"tags":{"constant_value":{"Name":"WordPress Instance AS"}}}],"user_data":{"references":["data.template_file.userdataEC.rendered","data.template_file.userdataEC"]},"vpc_security_group_ids":{"references":["aws_security_group.wordpress_sg.id","aws_security_group.wordpress_sg"]}},"schema_version":0},{"address":"aws_lb.wordpress_alb","mode":"managed","type":"aws_lb","name":"wordpress_alb","provider_config_key":"aws","expressions":{"enable_deletion_protection":{"constant_value":false},"internal":{"constant_value":false},"load_balancer_type":{"constant_value":"application"},"name":{"constant_value":"wordpress-alb"},"security_groups":{"references":["aws_security_group.wordpress_sg.id","aws_security_group.wordpress_sg"]},"subnets":{"references":["aws_subnet.public[0].id","aws_subnet.public[0]","aws_subnet.public","aws_subnet.public[1].id","aws_subnet.public[1]","aws_subnet.public"]},"tags":{"references":["var.tagNameDate"]}},"schema_version":0},{"address":"aws_lb_listener.wordpress_listener","mode":"managed","type":"aws_lb_listener","name":"wordpress_listener","provider_config_key":"aws","expressions":{"default_action":[{"target_group_arn":{"references":["aws_lb_target_group.Wordpress_target_group.arn","aws_lb_target_group.Wordpress_target_group"]},"type":{"constant_value":"forward"}}],"load_balancer_arn":{"references":["aws_lb.wordpress_alb.arn","aws_lb.wordpress_alb"]},"port":{"constant_value":"80"},"protocol":{"constant_value":"HTTP"}},"schema_version":0},{"address":"aws_lb_target_group.Wordpress_target_group","mode":"managed","type":"aws_lb_target_group","name":"Wordpress_target_group","provider_config_key":"aws","expressions":{"name":{"constant_value":"wordpress-target-group"},"port":{"constant_value":80},"protocol":{"constant_value":"HTTP"},"tags":{"references":["var.tagNameDate"]},"target_type":{"constant_value":"instance"},"vpc_id":{"references":["aws_vpc.vpc.id","aws_vpc.vpc"]}},"schema_version":0},{"address":"aws_lb_target_group_attachment.wordpress_target_group_attachment","mode":"managed","type":"aws_lb_target_group_attachment","name":"wordpress_target_group_attachment","provider_config_key":"aws","expressions":{"port":{"constant_value":80},"target_group_arn":{"references":["aws_lb_target_group.Wordpress_target_group.arn","aws_lb_target_group.Wordpress_target_group"]},"target_id":{"references":["aws_instance.wordpress_instance.id","aws_instance.wordpress_instance"]}},"schema_version":0},{"address":"aws_route_table.private","mode":"managed","type":"aws_route_table","name":"private","provider_config_key":"aws","expressions":{"tags":{"references":["var.tagNameDate","count.index"]},"vpc_id":{"references":["aws_vpc.vpc.id","aws_vpc.vpc"]}},"schema_version":0,"count_expression":{"references":["var.availability_zones"]}},{"address":"aws_route_table.public","mode":"managed","type":"aws_route_table","name":"public","provider_config_key":"aws","expressions":{"route":{"references":["aws_internet_gateway.igw.id","aws_internet_gateway.igw","var.cidr_blocks[0]","var.cidr_blocks"]},"tags":{"references":["var.tagNameDate"]},"vpc_id":{"references":["aws_vpc.vpc.id","aws_vpc.vpc"]}},"schema_version":0},{"address":"aws_route_table_association.private_assoc","mode":"managed","type":"aws_route_table_association","name":"private_assoc","provider_config_key":"aws","expressions":{"route_table_id":{"references":["aws_route_table.private","count.index"]},"subnet_id":{"references":["aws_subnet.private","count.index"]}},"schema_version":0,"count_expression":{"references":["var.private_subnet_cidr_blocks"]}},{"address":"aws_route_table_association.public_assoc","mode":"managed","type":"aws_route_table_association","name":"public_assoc","provider_config_key":"aws","expressions":{"route_table_id":{"references":["aws_route_table.public.id","aws_route_table.public"]},"subnet_id":{"references":["aws_subnet.public","count.index"]}},"schema_version":0,"count_expression":{"references":["var.public_subnet_cidr_blocks"]}},{"address":"aws_s3_bucket.wordpress","mode":"managed","type":"aws_s3_bucket","name":"wordpress","provider_config_key":"aws","expressions":{"bucket":{"references":["var.s3_bucket_name","var.tagNameDate"]},"tags":{"references":["var.s3_bucket_name","var.tagNameDate"]}},"schema_version":0},{"address":"aws_s3_bucket_policy.cloudtrail_bucket_policy","mode":"managed","type":"aws_s3_bucket_policy","name":"cloudtrail_bucket_policy","provider_config_key":"aws","expressions":{"bucket":{"constant_value":"s3-bucket-2024-04-12-2973"},"policy":{"references":["aws_s3_bucket.wordpress.arn","aws_s3_bucket.wordpress","aws_s3_bucket.wordpress.arn","aws_s3_bucket.wordpress"]}},"schema_version":0},{"address":"aws_s3_bucket_versioning.versioningS3","mode":"managed","type":"aws_s3_bucket_versioning","name":"versioningS3","provider_config_key":"aws","expressions":{"bucket":{"references":["aws_s3_bucket.wordpress.id","aws_s3_bucket.wordpress"]},"versioning_configuration":[{"status":{"constant_value":"Enabled"}}]},"schema_version":0},{"address":"aws_security_group.rds_mysql","mode":"managed","type":"aws_security_group","name":"rds_mysql","provider_config_key":"aws","expressions":{"description":{"constant_value":"Security group for RDS database"},"egress":{"references":["var.cidr_blocks"]},"ingress":{"references":["var.cidr_blocks"]},"name":{"constant_value":"rds_mysql_sg"},"tags":{"references":["var.tagNameDate"]},"vpc_id":{"references":["aws_vpc.vpc.id","aws_vpc.vpc"]}},"schema_version":1},{"address":"aws_security_group.wordpress_sg","mode":"managed","type":"aws_security_group","name":"wordpress_sg","provider_config_key":"aws","expressions":{"description":{"constant_value":"Security group for WordPress instance"},"egress":{"references":["var.cidr_blocks"]},"ingress":{"references":["var.cidr_blocks","var.cidr_blocks"]},"name":{"constant_value":"wordpress_sg"},"tags":{"references":["var.tagNameDate"]},"vpc_id":{"references":["aws_vpc.vpc.id","aws_vpc.vpc"]}},"schema_version":1},{"address":"aws_sns_topic.sns_topic","mode":"managed","type":"aws_sns_topic","name":"sns_topic","provider_config_key":"aws","expressions":{"name":{"constant_value":"sns_topic"}},"schema_version":0},{"address":"aws_sns_topic_subscription.email_subscription","mode":"managed","type":"aws_sns_topic_subscription","name":"email_subscription","provider_config_key":"aws","expressions":{"endpoint":{"references":["var.EMAIL_ID"]},"endpoint_auto_confirms":{"constant_value":true},"protocol":{"constant_value":"email"},"topic_arn":{"references":["aws_sns_topic.sns_topic.arn","aws_sns_topic.sns_topic"]}},"schema_version":0},{"address":"aws_subnet.private","mode":"managed","type":"aws_subnet","name":"private","provider_config_key":"aws","expressions":{"availability_zone":{"references":["var.availability_zones","count.index","var.availability_zones"]},"cidr_block":{"references":["var.private_subnet_cidr_blocks","count.index"]},"tags":{"references":["var.tagNameDate","count.index"]},"vpc_id":{"references":["aws_vpc.vpc.id","aws_vpc.vpc"]}},"schema_version":1,"count_expression":{"references":["var.private_subnet_cidr_blocks"]}},{"address":"aws_subnet.public","mode":"managed","type":"aws_subnet","name":"public","provider_config_key":"aws","expressions":{"availability_zone":{"references":["var.availability_zones","count.index"]},"cidr_block":{"references":["var.public_subnet_cidr_blocks","count.index"]},"map_public_ip_on_launch":{"constant_value":true},"tags":{"references":["var.tagNameDate","count.index"]},"vpc_id":{"references":["aws_vpc.vpc.id","aws_vpc.vpc"]}},"schema_version":1,"count_expression":{"references":["var.public_subnet_cidr_blocks"]}},{"address":"aws_vpc.vpc","mode":"managed","type":"aws_vpc","name":"vpc","provider_config_key":"aws","expressions":{"cidr_block":{"constant_value":"10.0.0.0/24"},"enable_dns_hostnames":{"constant_value":true},"enable_dns_support":{"constant_value":true},"tags":{"references":["var.tagNameDate"]}},"schema_version":1},{"address":"data.aws_ami.amazon_linux","mode":"data","type":"aws_ami","name":"amazon_linux","provider_config_key":"aws","expressions":{"filter":[{"name":{"constant_value":"name"},"values":{"constant_value":["amzn2-ami-hvm-*-x86_64-gp2"]}}],"most_recent":{"constant_value":true},"owners":{"constant_value":["amazon"]}},"schema_version":0},{"address":"data.aws_db_instance.mysql_data","mode":"data","type":"aws_db_instance","name":"mysql_data","provider_config_key":"aws","expressions":{"db_instance_identifier":{"references":["aws_db_instance.mysql.identifier","aws_db_instance.mysql"]}},"schema_version":0},{"address":"data.template_file.userdataEC","mode":"data","type":"template_file","name":"userdataEC","provider_config_key":"template","expressions":{"template":{},"vars":{"references":["data.aws_db_instance.mysql_data.endpoint","data.aws_db_instance.mysql_data","var.rds_username","var.rds_password","data.aws_db_instance.mysql_data.db_name","data.aws_db_instance.mysql_data"]}},"schema_version":0}],"variables":{"EMAIL_ID":{"description":"SNS email id"},"LabRoleARN":{"default":"arn:aws:iam::891377082491:role/LabRole","description":"Lab Role"},"availability_zones":{"default":["us-west-2a","us-west-2b"],"description":"List of availability zones"},"cidr_blocks":{"default":["0.0.0.0/0"]},"ec2_instance_type":{"default":"t2.micro","description":"EC2 instance type"},"key_name":{"default":"vockey","description":"Name of the EC2 key pair"},"private_subnet_cidr_blocks":{"default":["10.0.0.128/26","10.0.0.192/26"],"description":"CIDR blocks for private subnets"},"public_subnet_cidr_blocks":{"default":["10.0.0.0/26","10.0.0.64/26"],"description":"CIDR blocks for public subnets"},"rds_db_name":{"default":"wordpressDb","description":"The name of the database"},"rds_password":{"description":"The password for the RDS instance","sensitive":true},"rds_username":{"description":"The username for the RDS instance"},"s3_bucket_name":{"default":"s3-bucket-16-7-24","description":"Name of the S3 bucket"},"tagNameDate":{"default":"16-7-24"}}}},"relevant_attributes":[{"resource":"aws_s3_bucket.wordpress","attribute":["id"]},{"resource":"aws_subnet.private","attribute":[]},{"resource":"data.aws_db_instance.mysql_data","attribute":["db_name"]},{"resource":"aws_launch_template.scaling_launch_template","attribute":["id"]},{"resource":"aws_vpc.vpc","attribute":["id"]},{"resource":"aws_subnet.private[1]","attribute":["id"]},{"resource":"aws_subnet.public","attribute":[]},{"resource":"aws_sns_topic.sns_topic","attribute":["arn"]},{"resource":"aws_security_group.wordpress_sg","attribute":["id"]},{"resource":"data.aws_db_instance.mysql_data","attribute":["endpoint"]},{"resource":"aws_subnet.public[1]","attribute":["id"]},{"resource":"aws_subnet.private[0]","attribute":["id"]},{"resource":"aws_lb_target_group.Wordpress_target_group","attribute":["arn"]},{"resource":"aws_s3_bucket.wordpress","attribute":["arn"]},{"resource":"data.aws_ami.amazon_linux","attribute":["id"]},{"resource":"aws_route_table.private","attribute":[]},{"resource":"data.template_file.userdataEC","attribute":["rendered"]},{"resource":"aws_internet_gateway.igw","attribute":["id"]},{"resource":"aws_route_table.public","attribute":["id"]},{"resource":"aws_security_group.rds_mysql","attribute":["id"]},{"resource":"aws_autoscaling_group.wordpress_autoscaling_group","attribute":["name"]},{"resource":"aws_lb.wordpress_alb","attribute":["arn"]},{"resource":"aws_db_instance.mysql","attribute":["identifier"]},{"resource":"aws_autoscaling_group.wordpress_autoscaling_group","attribute":["id"]},{"resource":"aws_subnet.public[0]","attribute":["id"]},{"resource":"aws_db_subnet_group.private","attribute":["name"]},{"resource":"aws_instance.wordpress_instance","attribute":["id"]}],"timestamp":"2024-07-16T20:35:27Z","applyable":true,"complete":true,"errored":false}
